{
  "version": 4,
  "terraform_version": "1.7.5",
  "serial": 58,
  "lineage": "1a55f239-285d-6cdf-7ef1-8718a3ac71a5",
  "outputs": {},
  "resources": [
    {
      "mode": "managed",
      "type": "azurerm_container_registry",
      "name": "res-1",
      "provider": "provider[\"registry.terraform.io/hashicorp/azurerm\"]",
      "instances": [
        {
          "schema_version": 2,
          "attributes": {
            "admin_enabled": false,
            "admin_password": "",
            "admin_username": "",
            "anonymous_pull_enabled": false,
            "data_endpoint_enabled": false,
            "encryption": [],
            "export_policy_enabled": true,
            "georeplications": [],
            "id": "/subscriptions/23a9f43c-3caf-46e2-be51-e0cabf6d2832/resourceGroups/azure-rg/providers/Microsoft.ContainerRegistry/registries/acr51008558050725",
            "identity": [],
            "location": "eastus2",
            "login_server": "acr51008558050725.azurecr.io",
            "name": "acr51008558050725",
            "network_rule_bypass_option": "AzureServices",
            "network_rule_set": [],
            "public_network_access_enabled": true,
            "quarantine_policy_enabled": false,
            "resource_group_name": "azure-rg",
            "retention_policy_in_days": 0,
            "sku": "Standard",
            "tags": {},
            "timeouts": null,
            "trust_policy_enabled": false,
            "zone_redundancy_enabled": false
          },
          "sensitive_attributes": [],
          "private": "eyJlMmJmYjczMC1lY2FhLTExZTYtOGY4OC0zNDM2M2JjN2M0YzAiOnsiY3JlYXRlIjoxODAwMDAwMDAwMDAwLCJkZWxldGUiOjE4MDAwMDAwMDAwMDAsInJlYWQiOjMwMDAwMDAwMDAwMCwidXBkYXRlIjoxODAwMDAwMDAwMDAwfSwic2NoZW1hX3ZlcnNpb24iOiIyIn0="
        }
      ]
    },
    {
      "mode": "managed",
      "type": "azurerm_container_registry",
      "name": "res-7",
      "provider": "provider[\"registry.terraform.io/hashicorp/azurerm\"]",
      "instances": [
        {
          "schema_version": 2,
          "attributes": {
            "admin_enabled": false,
            "admin_password": "",
            "admin_username": "",
            "anonymous_pull_enabled": false,
            "data_endpoint_enabled": false,
            "encryption": [],
            "export_policy_enabled": true,
            "georeplications": [],
            "id": "/subscriptions/23a9f43c-3caf-46e2-be51-e0cabf6d2832/resourceGroups/azure-rg/providers/Microsoft.ContainerRegistry/registries/acr51008558050825",
            "identity": [],
            "location": "eastus2",
            "login_server": "acr51008558050825.azurecr.io",
            "name": "acr51008558050825",
            "network_rule_bypass_option": "AzureServices",
            "network_rule_set": [],
            "public_network_access_enabled": true,
            "quarantine_policy_enabled": false,
            "resource_group_name": "azure-rg",
            "retention_policy_in_days": 0,
            "sku": "Standard",
            "tags": {},
            "timeouts": null,
            "trust_policy_enabled": false,
            "zone_redundancy_enabled": false
          },
          "sensitive_attributes": [],
          "private": "eyJlMmJmYjczMC1lY2FhLTExZTYtOGY4OC0zNDM2M2JjN2M0YzAiOnsiY3JlYXRlIjoxODAwMDAwMDAwMDAwLCJkZWxldGUiOjE4MDAwMDAwMDAwMDAsInJlYWQiOjMwMDAwMDAwMDAwMCwidXBkYXRlIjoxODAwMDAwMDAwMDAwfSwic2NoZW1hX3ZlcnNpb24iOiIyIn0="
        }
      ]
    },
    {
      "mode": "managed",
      "type": "azurerm_container_registry_scope_map",
      "name": "res-10",
      "provider": "provider[\"registry.terraform.io/hashicorp/azurerm\"]",
      "instances": [
        {
          "schema_version": 0,
          "attributes": {
            "actions": [
              "repositories/*/content/read",
              "repositories/*/metadata/read"
            ],
            "container_registry_name": "acr51008558050825",
            "description": "Can perform all read operations on the registry",
            "id": "/subscriptions/23a9f43c-3caf-46e2-be51-e0cabf6d2832/resourceGroups/azure-rg/providers/Microsoft.ContainerRegistry/registries/acr51008558050825/scopeMaps/_repositories_pull_metadata_read",
            "name": "_repositories_pull_metadata_read",
            "resource_group_name": "azure-rg",
            "timeouts": null
          },
          "sensitive_attributes": [],
          "private": "eyJlMmJmYjczMC1lY2FhLTExZTYtOGY4OC0zNDM2M2JjN2M0YzAiOnsiY3JlYXRlIjoxODAwMDAwMDAwMDAwLCJkZWxldGUiOjE4MDAwMDAwMDAwMDAsInJlYWQiOjMwMDAwMDAwMDAwMCwidXBkYXRlIjoxODAwMDAwMDAwMDAwfSwic2NoZW1hX3ZlcnNpb24iOiIwIn0="
        }
      ]
    },
    {
      "mode": "managed",
      "type": "azurerm_container_registry_scope_map",
      "name": "res-11",
      "provider": "provider[\"registry.terraform.io/hashicorp/azurerm\"]",
      "instances": [
        {
          "schema_version": 0,
          "attributes": {
            "actions": [
              "repositories/*/content/read",
              "repositories/*/content/write"
            ],
            "container_registry_name": "acr51008558050825",
            "description": "Can push to any repository of the registry",
            "id": "/subscriptions/23a9f43c-3caf-46e2-be51-e0cabf6d2832/resourceGroups/azure-rg/providers/Microsoft.ContainerRegistry/registries/acr51008558050825/scopeMaps/_repositories_push",
            "name": "_repositories_push",
            "resource_group_name": "azure-rg",
            "timeouts": null
          },
          "sensitive_attributes": [],
          "private": "eyJlMmJmYjczMC1lY2FhLTExZTYtOGY4OC0zNDM2M2JjN2M0YzAiOnsiY3JlYXRlIjoxODAwMDAwMDAwMDAwLCJkZWxldGUiOjE4MDAwMDAwMDAwMDAsInJlYWQiOjMwMDAwMDAwMDAwMCwidXBkYXRlIjoxODAwMDAwMDAwMDAwfSwic2NoZW1hX3ZlcnNpb24iOiIwIn0="
        }
      ]
    },
    {
      "mode": "managed",
      "type": "azurerm_container_registry_scope_map",
      "name": "res-12",
      "provider": "provider[\"registry.terraform.io/hashicorp/azurerm\"]",
      "instances": [
        {
          "schema_version": 0,
          "attributes": {
            "actions": [
              "repositories/*/metadata/read",
              "repositories/*/metadata/write",
              "repositories/*/content/read",
              "repositories/*/content/write"
            ],
            "container_registry_name": "acr51008558050825",
            "description": "Can perform all read and write operations on the registry",
            "id": "/subscriptions/23a9f43c-3caf-46e2-be51-e0cabf6d2832/resourceGroups/azure-rg/providers/Microsoft.ContainerRegistry/registries/acr51008558050825/scopeMaps/_repositories_push_metadata_write",
            "name": "_repositories_push_metadata_write",
            "resource_group_name": "azure-rg",
            "timeouts": null
          },
          "sensitive_attributes": [],
          "private": "eyJlMmJmYjczMC1lY2FhLTExZTYtOGY4OC0zNDM2M2JjN2M0YzAiOnsiY3JlYXRlIjoxODAwMDAwMDAwMDAwLCJkZWxldGUiOjE4MDAwMDAwMDAwMDAsInJlYWQiOjMwMDAwMDAwMDAwMCwidXBkYXRlIjoxODAwMDAwMDAwMDAwfSwic2NoZW1hX3ZlcnNpb24iOiIwIn0="
        }
      ]
    },
    {
      "mode": "managed",
      "type": "azurerm_container_registry_scope_map",
      "name": "res-2",
      "provider": "provider[\"registry.terraform.io/hashicorp/azurerm\"]",
      "instances": [
        {
          "schema_version": 0,
          "attributes": {
            "actions": [
              "repositories/*/metadata/read",
              "repositories/*/metadata/write",
              "repositories/*/content/read",
              "repositories/*/content/write",
              "repositories/*/content/delete"
            ],
            "container_registry_name": "acr51008558050725",
            "description": "Can perform all read, write and delete operations on the registry",
            "id": "/subscriptions/23a9f43c-3caf-46e2-be51-e0cabf6d2832/resourceGroups/azure-rg/providers/Microsoft.ContainerRegistry/registries/acr51008558050725/scopeMaps/_repositories_admin",
            "name": "_repositories_admin",
            "resource_group_name": "azure-rg",
            "timeouts": null
          },
          "sensitive_attributes": [],
          "private": "eyJlMmJmYjczMC1lY2FhLTExZTYtOGY4OC0zNDM2M2JjN2M0YzAiOnsiY3JlYXRlIjoxODAwMDAwMDAwMDAwLCJkZWxldGUiOjE4MDAwMDAwMDAwMDAsInJlYWQiOjMwMDAwMDAwMDAwMCwidXBkYXRlIjoxODAwMDAwMDAwMDAwfSwic2NoZW1hX3ZlcnNpb24iOiIwIn0="
        }
      ]
    },
    {
      "mode": "managed",
      "type": "azurerm_container_registry_scope_map",
      "name": "res-3",
      "provider": "provider[\"registry.terraform.io/hashicorp/azurerm\"]",
      "instances": [
        {
          "schema_version": 0,
          "attributes": {
            "actions": [
              "repositories/*/content/read"
            ],
            "container_registry_name": "acr51008558050725",
            "description": "Can pull any repository of the registry",
            "id": "/subscriptions/23a9f43c-3caf-46e2-be51-e0cabf6d2832/resourceGroups/azure-rg/providers/Microsoft.ContainerRegistry/registries/acr51008558050725/scopeMaps/_repositories_pull",
            "name": "_repositories_pull",
            "resource_group_name": "azure-rg",
            "timeouts": null
          },
          "sensitive_attributes": [],
          "private": "eyJlMmJmYjczMC1lY2FhLTExZTYtOGY4OC0zNDM2M2JjN2M0YzAiOnsiY3JlYXRlIjoxODAwMDAwMDAwMDAwLCJkZWxldGUiOjE4MDAwMDAwMDAwMDAsInJlYWQiOjMwMDAwMDAwMDAwMCwidXBkYXRlIjoxODAwMDAwMDAwMDAwfSwic2NoZW1hX3ZlcnNpb24iOiIwIn0="
        }
      ]
    },
    {
      "mode": "managed",
      "type": "azurerm_container_registry_scope_map",
      "name": "res-4",
      "provider": "provider[\"registry.terraform.io/hashicorp/azurerm\"]",
      "instances": [
        {
          "schema_version": 0,
          "attributes": {
            "actions": [
              "repositories/*/content/read",
              "repositories/*/metadata/read"
            ],
            "container_registry_name": "acr51008558050725",
            "description": "Can perform all read operations on the registry",
            "id": "/subscriptions/23a9f43c-3caf-46e2-be51-e0cabf6d2832/resourceGroups/azure-rg/providers/Microsoft.ContainerRegistry/registries/acr51008558050725/scopeMaps/_repositories_pull_metadata_read",
            "name": "_repositories_pull_metadata_read",
            "resource_group_name": "azure-rg",
            "timeouts": null
          },
          "sensitive_attributes": [],
          "private": "eyJlMmJmYjczMC1lY2FhLTExZTYtOGY4OC0zNDM2M2JjN2M0YzAiOnsiY3JlYXRlIjoxODAwMDAwMDAwMDAwLCJkZWxldGUiOjE4MDAwMDAwMDAwMDAsInJlYWQiOjMwMDAwMDAwMDAwMCwidXBkYXRlIjoxODAwMDAwMDAwMDAwfSwic2NoZW1hX3ZlcnNpb24iOiIwIn0="
        }
      ]
    },
    {
      "mode": "managed",
      "type": "azurerm_container_registry_scope_map",
      "name": "res-5",
      "provider": "provider[\"registry.terraform.io/hashicorp/azurerm\"]",
      "instances": [
        {
          "schema_version": 0,
          "attributes": {
            "actions": [
              "repositories/*/content/read",
              "repositories/*/content/write"
            ],
            "container_registry_name": "acr51008558050725",
            "description": "Can push to any repository of the registry",
            "id": "/subscriptions/23a9f43c-3caf-46e2-be51-e0cabf6d2832/resourceGroups/azure-rg/providers/Microsoft.ContainerRegistry/registries/acr51008558050725/scopeMaps/_repositories_push",
            "name": "_repositories_push",
            "resource_group_name": "azure-rg",
            "timeouts": null
          },
          "sensitive_attributes": [],
          "private": "eyJlMmJmYjczMC1lY2FhLTExZTYtOGY4OC0zNDM2M2JjN2M0YzAiOnsiY3JlYXRlIjoxODAwMDAwMDAwMDAwLCJkZWxldGUiOjE4MDAwMDAwMDAwMDAsInJlYWQiOjMwMDAwMDAwMDAwMCwidXBkYXRlIjoxODAwMDAwMDAwMDAwfSwic2NoZW1hX3ZlcnNpb24iOiIwIn0="
        }
      ]
    },
    {
      "mode": "managed",
      "type": "azurerm_container_registry_scope_map",
      "name": "res-6",
      "provider": "provider[\"registry.terraform.io/hashicorp/azurerm\"]",
      "instances": [
        {
          "schema_version": 0,
          "attributes": {
            "actions": [
              "repositories/*/metadata/read",
              "repositories/*/metadata/write",
              "repositories/*/content/read",
              "repositories/*/content/write"
            ],
            "container_registry_name": "acr51008558050725",
            "description": "Can perform all read and write operations on the registry",
            "id": "/subscriptions/23a9f43c-3caf-46e2-be51-e0cabf6d2832/resourceGroups/azure-rg/providers/Microsoft.ContainerRegistry/registries/acr51008558050725/scopeMaps/_repositories_push_metadata_write",
            "name": "_repositories_push_metadata_write",
            "resource_group_name": "azure-rg",
            "timeouts": null
          },
          "sensitive_attributes": [],
          "private": "eyJlMmJmYjczMC1lY2FhLTExZTYtOGY4OC0zNDM2M2JjN2M0YzAiOnsiY3JlYXRlIjoxODAwMDAwMDAwMDAwLCJkZWxldGUiOjE4MDAwMDAwMDAwMDAsInJlYWQiOjMwMDAwMDAwMDAwMCwidXBkYXRlIjoxODAwMDAwMDAwMDAwfSwic2NoZW1hX3ZlcnNpb24iOiIwIn0="
        }
      ]
    },
    {
      "mode": "managed",
      "type": "azurerm_container_registry_scope_map",
      "name": "res-8",
      "provider": "provider[\"registry.terraform.io/hashicorp/azurerm\"]",
      "instances": [
        {
          "schema_version": 0,
          "attributes": {
            "actions": [
              "repositories/*/metadata/read",
              "repositories/*/metadata/write",
              "repositories/*/content/read",
              "repositories/*/content/write",
              "repositories/*/content/delete"
            ],
            "container_registry_name": "acr51008558050825",
            "description": "Can perform all read, write and delete operations on the registry",
            "id": "/subscriptions/23a9f43c-3caf-46e2-be51-e0cabf6d2832/resourceGroups/azure-rg/providers/Microsoft.ContainerRegistry/registries/acr51008558050825/scopeMaps/_repositories_admin",
            "name": "_repositories_admin",
            "resource_group_name": "azure-rg",
            "timeouts": null
          },
          "sensitive_attributes": [],
          "private": "eyJlMmJmYjczMC1lY2FhLTExZTYtOGY4OC0zNDM2M2JjN2M0YzAiOnsiY3JlYXRlIjoxODAwMDAwMDAwMDAwLCJkZWxldGUiOjE4MDAwMDAwMDAwMDAsInJlYWQiOjMwMDAwMDAwMDAwMCwidXBkYXRlIjoxODAwMDAwMDAwMDAwfSwic2NoZW1hX3ZlcnNpb24iOiIwIn0="
        }
      ]
    },
    {
      "mode": "managed",
      "type": "azurerm_container_registry_scope_map",
      "name": "res-9",
      "provider": "provider[\"registry.terraform.io/hashicorp/azurerm\"]",
      "instances": [
        {
          "schema_version": 0,
          "attributes": {
            "actions": [
              "repositories/*/content/read"
            ],
            "container_registry_name": "acr51008558050825",
            "description": "Can pull any repository of the registry",
            "id": "/subscriptions/23a9f43c-3caf-46e2-be51-e0cabf6d2832/resourceGroups/azure-rg/providers/Microsoft.ContainerRegistry/registries/acr51008558050825/scopeMaps/_repositories_pull",
            "name": "_repositories_pull",
            "resource_group_name": "azure-rg",
            "timeouts": null
          },
          "sensitive_attributes": [],
          "private": "eyJlMmJmYjczMC1lY2FhLTExZTYtOGY4OC0zNDM2M2JjN2M0YzAiOnsiY3JlYXRlIjoxODAwMDAwMDAwMDAwLCJkZWxldGUiOjE4MDAwMDAwMDAwMDAsInJlYWQiOjMwMDAwMDAwMDAwMCwidXBkYXRlIjoxODAwMDAwMDAwMDAwfSwic2NoZW1hX3ZlcnNpb24iOiIwIn0="
        }
      ]
    },
    {
      "mode": "managed",
      "type": "azurerm_kubernetes_cluster",
      "name": "res-13",
      "provider": "provider[\"registry.terraform.io/hashicorp/azurerm\"]",
      "instances": [
        {
          "schema_version": 2,
          "attributes": {
            "aci_connector_linux": [],
            "api_server_access_profile": [],
            "auto_scaler_profile": [
              {
                "balance_similar_node_groups": false,
                "daemonset_eviction_for_empty_nodes_enabled": false,
                "daemonset_eviction_for_occupied_nodes_enabled": true,
                "empty_bulk_delete_max": "10",
                "expander": "random",
                "ignore_daemonsets_utilization_enabled": false,
                "max_graceful_termination_sec": "600",
                "max_node_provisioning_time": "15m",
                "max_unready_nodes": 3,
                "max_unready_percentage": 45,
                "new_pod_scale_up_delay": "0s",
                "scale_down_delay_after_add": "1m",
                "scale_down_delay_after_delete": "10s",
                "scale_down_delay_after_failure": "3m",
                "scale_down_unneeded": "1m",
                "scale_down_unready": "1m",
                "scale_down_utilization_threshold": "0.5",
                "scan_interval": "10s",
                "skip_nodes_with_local_storage": false,
                "skip_nodes_with_system_pods": true
              }
            ],
            "automatic_upgrade_channel": "",
            "azure_active_directory_role_based_access_control": [],
            "azure_policy_enabled": null,
            "confidential_computing": [],
            "cost_analysis_enabled": false,
            "current_kubernetes_version": "1.31.7",
            "default_node_pool": [
              {
                "auto_scaling_enabled": false,
                "capacity_reservation_group_id": "",
                "fips_enabled": false,
                "gpu_instance": "",
                "host_encryption_enabled": false,
                "host_group_id": "",
                "kubelet_config": [],
                "kubelet_disk_type": "OS",
                "linux_os_config": [],
                "max_count": 0,
                "max_pods": 110,
                "min_count": 0,
                "name": "nodepool1",
                "node_count": 2,
                "node_labels": {},
                "node_network_profile": [],
                "node_public_ip_enabled": false,
                "node_public_ip_prefix_id": "",
                "only_critical_addons_enabled": false,
                "orchestrator_version": "1.31",
                "os_disk_size_gb": 128,
                "os_disk_type": "Managed",
                "os_sku": "Ubuntu",
                "pod_subnet_id": "",
                "proximity_placement_group_id": "",
                "scale_down_mode": "Delete",
                "snapshot_id": "",
                "tags": {},
                "temporary_name_for_rotation": "",
                "type": "VirtualMachineScaleSets",
                "ultra_ssd_enabled": false,
                "upgrade_settings": [
                  {
                    "drain_timeout_in_minutes": 0,
                    "max_surge": "10%",
                    "node_soak_duration_in_minutes": 0
                  }
                ],
                "vm_size": "Standard_D2as_v5",
                "vnet_subnet_id": "",
                "workload_runtime": "",
                "zones": []
              }
            ],
            "disk_encryption_set_id": "",
            "dns_prefix": "aks-510085-azure-rg-23a9f4",
            "dns_prefix_private_cluster": "",
            "edge_zone": "",
            "fqdn": "aks-510085-azure-rg-23a9f4-znk6jouu.hcp.eastus2.azmk8s.io",
            "http_application_routing_enabled": null,
            "http_application_routing_zone_name": null,
            "http_proxy_config": [],
            "id": "/subscriptions/23a9f43c-3caf-46e2-be51-e0cabf6d2832/resourceGroups/azure-rg/providers/Microsoft.ContainerService/managedClusters/aks-51008558",
            "identity": [
              {
                "identity_ids": [],
                "principal_id": "f5e2bcfb-f37b-41d4-a0c3-4ca42a835bcd",
                "tenant_id": "4cfe372a-37a4-44f8-91b2-5faf34253c62",
                "type": "SystemAssigned"
              }
            ],
            "image_cleaner_enabled": null,
            "image_cleaner_interval_hours": null,
            "ingress_application_gateway": [],
            "key_management_service": [],
            "key_vault_secrets_provider": [],
            "kube_admin_config": [],
            "kube_admin_config_raw": "",
            "kube_config": [
              {
                "client_certificate": "LS0tLS1CRUdJTiBDRVJUSUZJQ0FURS0tLS0tCk1JSUZIakNDQXdhZ0F3SUJBZ0lSQU1IM0xHRlBKU2xkT1NVSVRvQWZtTEF3RFFZSktvWklodmNOQVFFTEJRQXcKRFRFTE1Ba0dBMVVFQXhNQ1kyRXdIaGNOTWpVd05UQTNNVEl4TVRJMldoY05NamN3TlRBM01USXlNVEkyV2pBdwpNUmN3RlFZRFZRUUtFdzV6ZVhOMFpXMDZiV0Z6ZEdWeWN6RVZNQk1HQTFVRUF4TU1iV0Z6ZEdWeVkyeHBaVzUwCk1JSUNJakFOQmdrcWhraUc5dzBCQVFFRkFBT0NBZzhBTUlJQ0NnS0NBZ0VBempZWWVOaE04V2F1blhsazE3aGQKcUM1MUUvRzdmQUl1cHBhVWZQbTU2NExlb0R6VThpaEpFYmR2eE9iMlpqM0wvRzNPYlFzVVFXbWhzNWlaVmdVOAprSVBHWCtqblJCcWpyR1Q1RUFyNStrVThITFFBQ3Y0UVV5eGJQNmpoc0xqcFFsS2hxc3J3VmJGWjYzVEluNHNQCmhUMXRiRDhuVHBkZXE1VVplN1BQaUc2dDhNejZyeHgvTVhkazBEenVVcS9YbFZNV1A4WHZPcjFGbDZJMFNJbVgKaVUyTk4vNkhkU0ZvdjlFZE00VnQ0ZzFjdXZxMEwxS0VtbHBLVDJ0cmlVNVhLb0pMcjdVTWdKWHFzK1hKTjN5UApweHhVYkxWeTY2NnNEQkFha2VXYlFwblBHZlNLL3pEaFh0QXJWTm5CODh1enpyMGZBd2h2SzF1RHN0RzhuK0t2CjgzdFhibkIxMnROVWZJdnV5dFZORGorbmpVRHRTNDlXaFo1d2ZOTzdaQTR3MGk2bnZiMmJPTEEwalErTGpoK3YKem5VeFBhZ2dHdHRsZjNyZW5LTXdWaTBQL0NraDQyTXJvdjNVU3huNmh6Znp6QkdxTVlaYXNzNmRiVUM3R0NIMQpsU3A1N3Bndm9xY2Yvd3NYb241bnVRWG9RY2gxT2E0K1RKWitzSHp0R25wY2lSczlvTXNYaVBkaVVkOFI3cWhFCktJWVdmcXNtTTMxeWVKcndSK2F4QkZ3OTREcm1iMkRBSUtOTEFYMGNWdE5vSHFNMnVGMHdwSjZGZVBuWWh4QlQKMklZdGNYbU16MW5vQ0pFUmx6emlBQTExM2VtcGxOVmhHTERJWGlZSWd1S21oUm43THlYcTc1bGJ4cVY1U0NuSQpvY0dMVFFDWWdiQnd3ZktOU1hZdi8yMENBd0VBQWFOV01GUXdEZ1lEVlIwUEFRSC9CQVFEQWdXZ01CTUdBMVVkCkpRUU1NQW9HQ0NzR0FRVUZCd01DTUF3R0ExVWRFd0VCL3dRQ01BQXdId1lEVlIwakJCZ3dGb0FVWnVSRitKV1cKODJYTmpSeTlSVHpBQytxSit3a3dEUVlKS29aSWh2Y05BUUVMQlFBRGdnSUJBQy9vUm9YVnR6aDJaUHJvQW1MRgpnQXZiQmtzdHZTMzNnYlRRbXdXeGtONmxiajUwU20vWmtJcFQ1NVE0cXMwM21UQ3N2bGFXb0FhakJ0eDZEYkdyCjdObEdiMVRQdGJHczlyYXdQT2lJMUVMUzJ2VWhJRG5XNWtnSC9FdTE0R0ZvRG9VeTRBTmhKNVYrcmhLeE1rbUUKNVhVYWROOXRaS2xCaEhNMlJFa0NmZC9VWGcxNTN4VEl4SU1OYzZiSnd6OWZoOS80cFRqRGlkYzd0YU5PWnlsQgpCUnREUGRKY2NaYzBvN1JVQWlwQkFjbTdqK3M4ZWx4bVhpMjZsR0VMOERtMHBPd09GbjVWTkd2czlselZtcE8yClZxNXU0ZGdwU0ludCtWUDNacHBBODQyazVhWFQ5QmI1TjNVd2QwaW8yUnFSQVNsNC82WmordXU1NzN4a2g2d2oKRVZUNTd2bUtsb2dIVnlRMElHUVliUTcwQy9QbW9wRlhRdnVQa2V6SHgvUFE4VzhrZ0tHdmtqVG1kZ3N2aW03TgpKMDhsbWFLMEFVWTh2SU5ZRVpJUlc5VG1kQjBUSFFOcnZzT3hVWDNacHQvMTJETmlhbkNQamJ1NFFDZ1BtSmpZCmFYREZDckVGQlVCajNIVmlLVjd6MXdCeTFuaWFtRWZCWGlDOHlndkZPOUpCV0k5TUIzeTlQdFRWckJ1MkpMSm0KTUQ4V3g3VGpwVDNFa2VHTGlHaVpiQ2NsUTVnTnU5UldPTG9wVkFmZUE0a1BoRzRlN2gydjV6V3EvOTVzNzMxUApCSXA4aXNhRWg1dy9nL0NudlFDRktXNGVNbHhSUFhGb0ZqSGdvdUl2SnQ0cWVpUlZZNTllb1BSZUNkNkYzYzh2CmI5bUVkaW5HL1FOTlh5Ync1eVdpQmI1UQotLS0tLUVORCBDRVJUSUZJQ0FURS0tLS0tCg==",
                "client_key": "LS0tLS1CRUdJTiBSU0EgUFJJVkFURSBLRVktLS0tLQpNSUlKS0FJQkFBS0NBZ0VBempZWWVOaE04V2F1blhsazE3aGRxQzUxRS9HN2ZBSXVwcGFVZlBtNTY0TGVvRHpVCjhpaEpFYmR2eE9iMlpqM0wvRzNPYlFzVVFXbWhzNWlaVmdVOGtJUEdYK2puUkJxanJHVDVFQXI1K2tVOEhMUUEKQ3Y0UVV5eGJQNmpoc0xqcFFsS2hxc3J3VmJGWjYzVEluNHNQaFQxdGJEOG5UcGRlcTVVWmU3UFBpRzZ0OE16NgpyeHgvTVhkazBEenVVcS9YbFZNV1A4WHZPcjFGbDZJMFNJbVhpVTJOTi82SGRTRm92OUVkTTRWdDRnMWN1dnEwCkwxS0VtbHBLVDJ0cmlVNVhLb0pMcjdVTWdKWHFzK1hKTjN5UHB4eFViTFZ5NjY2c0RCQWFrZVdiUXBuUEdmU0sKL3pEaFh0QXJWTm5CODh1enpyMGZBd2h2SzF1RHN0RzhuK0t2ODN0WGJuQjEydE5VZkl2dXl0Vk5EaitualVEdApTNDlXaFo1d2ZOTzdaQTR3MGk2bnZiMmJPTEEwalErTGpoK3Z6blV4UGFnZ0d0dGxmM3JlbktNd1ZpMFAvQ2toCjQyTXJvdjNVU3huNmh6Znp6QkdxTVlaYXNzNmRiVUM3R0NIMWxTcDU3cGd2b3FjZi93c1hvbjVudVFYb1FjaDEKT2E0K1RKWitzSHp0R25wY2lSczlvTXNYaVBkaVVkOFI3cWhFS0lZV2Zxc21NMzF5ZUpyd1IrYXhCRnc5NERybQpiMkRBSUtOTEFYMGNWdE5vSHFNMnVGMHdwSjZGZVBuWWh4QlQySVl0Y1htTXoxbm9DSkVSbHp6aUFBMTEzZW1wCmxOVmhHTERJWGlZSWd1S21oUm43THlYcTc1bGJ4cVY1U0NuSW9jR0xUUUNZZ2JCd3dmS05TWFl2LzIwQ0F3RUEKQVFLQ0FnQVF5SXBaVzVGM25GbmQ2MEZ2NVV1S0lxM1l2N1g0czl6RUprRlRvcWVsS1hPaEt4SlIyMEdITlp6ZApNOGNlTHkxcEVDN2E1U255NFB3T04vOVM1djQwN09TNmJhUlZBSzRObS9KQmdnTXlnV3dSRWYxbTU2TEFnajJ6CkFyWEx3bUVKeXR2cG9MYks0ckprM1k1dW5jelhsVlpRbHh0RjVFQUtTd3BWN1I2WkJoa1dIampSQThxK1plOUkKbTR6eUllbXo5NTA1OTR3dkJiU2lVTXRjbEFaSFlJNTczalY4TFFudmdyK1RyK3B2bVpMUWpSTVpQdWdYLy8xSQpWWC9kSHdrdEpvbXVkVmZkSjFhQTZkVGt0VGlqNjBSYnpMRGJ5YzJxOWF5VDcxSWhxNDhWbDdld2FYUU9XWGNOCll1UE1TZW9LaTQzNG16a2hHRU94ekN4RC94ayszRlFMRUdaR0VRMThHU0lTSzd0UGt2Z2wvZURZSGlWVkw3RTQKTlNFaU5XUEJ2Vjd3R2JmZU9XYzhwUHhwdmVvOVFaS2RSVHp2ZWNUK2I2Zms3Y1kvbjVTcXVXMC90aG1FM21seQpPZ1ZIQk9Ec3pscVFreldMNk1ZR2lRbzFBQ2Q3ZmZPK3ExTU9XclI3RDVIQ0hKaUN1SUhURCtmbHRaZ3l2ZnB1Cm1DeldaTndkR2xoaHRNaGZnUCt3QnRYbzk4UVZqS1JZa2dOSmtHVHA4bjRLeWVzNUpGWUIxdGpQU3RYd2dqcWIKTzZ4T1JscG4xeG9mckFVczRmY3d5L2RIZitDSGNPZHk4SEZvcVBNVGFlcWE5bk02TTZPN3BpUVNDOUo1SGZTTwpwUnp3ZXFqWS95RzVpNnd2emZkNkxkNlRSYTZLeE9LOTN2L2orNm80a3grMEZ5TEJBUUtDQVFFQS9wZW13ck9LCmgrbXo2UFYrc3hwYUpETlZsa09meWQya3c3VWxoem1zTmNjeitvTmdwWjZ5Zk9hR3dVd2tFOEg1L3JjTkozM2oKeUtIcW9KTEcyK3lPVlpZT3FGY2xwR0R3K0xBUTNjK2UyeCtZSnJKcEV6UG10L0hiMXN1dDBJZHg2cEozZmNkMQpPN1hPS3FXTXpnWWNOMTA3UGFLeDBQNXBrLzY2elVsWVZta2FMSm9SODJCUEQ5a1lPQ2RENnZOcEtoMGVBWmk2CmtLZWgvWE0yR21OTFU2OWovWmtkVXZaMEMwY2UxamQyVzdHNDYxUmcxQisrcU1ERTV1Q3p4d3paelB6QUFZdUQKNk11QUI1V1ZyM2tiNGhIblhnQW83amVLZmhXWmRQL2V6QmNVUjBJejd6K3ZjeDJkODNUSSs5MjRZbVp6d1dScAo5Q1ZsTngxQnVBakdJUUtDQVFFQXoxbjNSSDN5cElQNUxValBFaGpSOGpGRWh4dHF2VytBNmNoTjRCSm5ZZDU2CkozQnBXVUtBa25ScTQvQXdjQ1F5N0l4N2tuby85MktIR0dKMXptaEk5Q21xeVhURy9jditKRktQSFMveDlEUmwKM2NCekNBWHFaOGgrVzJmSVJlTnp0dmRHQUlEY20vSFZUVUc0MmdLZUFYeU5Vb2NCc29vUnYxa09uU1FwdWR3YwpLeUxWNmZNYjQrMWpNSkVHQ2lhODFDZjROY3hFMFpyVDlMMzk3aS9SMGNuTUtBNjZ5eldBREJ0dG9RK1lENkQ3CmxFWTZjYk5FUXZCdjlvMU41MFd2RkovQ1JaZzdHMCtVM3pObG5nR3NRMHRzbmVtNWQyaEpXcVViOWVDSm5Wd2EKaCtuT2d4YVhHMjQ5OEtsWmNaa2JzbU9XcE1VdDdobzBjdHQ2Z1JCM3pRS0NBUUFueklNNEtxTDhUaTlldW9uYwo2OEN0cWd5Mkdjb3YzMk16YU96OTc2a1pHeFBvRklPV1FIRzhqcmtBSEt3REhxNjYvOWlobE05My9ML1Y3RHdFCkF6M1k2VVZQVVpoRDB4ZTRlS1dhVnl1Sks2NDRWbW1Rbyt0c1UvVys1VVk5cy82OTRibW1Rdmp6cFo4ZUVaVXEKVzlBclkzcXdUdStuTVM1R0FXc29Uay90Nmk0NlRMZURxVW1TdTZoS2x2REtHTlVXelVoMGpYQ1V6bS9IVkN4ZwpBYWV6NUZZb1BiaFUwTXdoT3pQNTN0KzB3OXFaaHk0LzJ0cU9QTnhMRDFOclNYbit6b0FoZmJMWVFIKzZMOHNmCmpEb3NwQW5jS3dBN0JSbTBUaUlZSlN1cUVlMk1taS9PTmRGeW1HMnBzbGI4OEpNelpycXZ2OGZFYjlnYnZvb1kKZjk2aEFvSUJBUUNIcEZyVk8yOFhvQjNKT2UvNzdyQ290d0lWUUNJN2VrM2lvVjRRVHZuQ1ZEK2t2U3l0YjR1YwpRdndKMEg1ZlhjN1NYN1FXeGxKQ0N2cEZRV08vZXdqK2NLT0ExaHUydTFPdGZ6U1A2MlZrVTBLd0pjMGFXb1JWCkVCdFl3RE9MUkpmV0FUeVI1N3BwYVhJWDcvNTAzM0Z0bDRUN2o4WFVmZTNPTnZ3UVlDL0xuZW52YmdKeDRNOUYKODIwSHdGY3JITnc2RFV1YUpkNS9IOEc0UVBGMGQyUFMwU2Ywckc0VnNSSHEyYWFGemlXelU2UkFBeEVJZ0RVUApkU3BKSjNibTYvYjBqdTRQaU41aHAxWEVEV05VVWRQVzBlaGtCUm1HdTNvQkNqR1lUeUszQmlGMDk4WllpdGFlCjR5Y3g0QmJhOFVYbEZMRGZhUDM2M0xtaXlXRUNQVHVoQW9JQkFGZXYzalIzOEFPbXluVkEya0JnZVRVdDFhMksKSXBiZWpZb1dQdElFTndZeDNoSWNlb0lBTEVQWTdJVTJZcnY4T0xrdXA1bE9wa1FFYWh3c1pPRWdnaXNWSEozUgpFbU5sTDJ6RjZTbUttcVpYakFFL0E0bzBXd1dSUVRwNi8yMmRUZUU1WVZxMTMwMDVuZy9xUm9MUEp2WGpRNnEvCkRmNEhFcXJFdmhoL3pWT3EwOC91cXJqc3EzZU1ZMDZPbVV0Z050WUhFclV2bHFLN25WZXRTRjBvbFdIblZnbnoKR0tBRG9hbDRJVmtHb3JiRExFSFh6MXJnQzRNYlIzK3FXME1odlZrR1RiQ2g4VVNreExqWi91dkFKWDYzTis1TApveVpNTytYODNFNHpoS3JzSEFjS0l3RXhobHJYbjAwV0Y3Wm9RZXNTWE9ubG1jVzlFNWtpbXdFS0tyMD0KLS0tLS1FTkQgUlNBIFBSSVZBVEUgS0VZLS0tLS0K",
                "cluster_ca_certificate": "LS0tLS1CRUdJTiBDRVJUSUZJQ0FURS0tLS0tCk1JSUU2RENDQXRDZ0F3SUJBZ0lRZndVWmt5Tk93TU0yUGFiL2YwVnJwVEFOQmdrcWhraUc5dzBCQVFzRkFEQU4KTVFzd0NRWURWUVFERXdKallUQWdGdzB5TlRBMU1EY3hNakV4TWpaYUdBOHlNRFUxTURVd056RXlNakV5TmxvdwpEVEVMTUFrR0ExVUVBeE1DWTJFd2dnSWlNQTBHQ1NxR1NJYjNEUUVCQVFVQUE0SUNEd0F3Z2dJS0FvSUNBUUN6CkhwUTZYUTEyWWZpTDVNa0k2Z0pLeC9SQnlFSWNPTDRvR1RxeWNEdXZyaE1xaW56dTFkcXdoM2VQcDhDNjdYb1QKL3pNc013dTNabG1NbFdaK0ZYRjE3UERzdkI2VG5NTjBHSkQrZnVRUWZnUDhxaHVUMEVKWFJ6MlZNRkRDTjRjSQpVMEZBRnZOSmM5MHltTnhNRnI5RWZnazUvMDM1b0lVN3RFSUdRb0krd2t2TXVjVExkRDZOR0hqMUducU9WV0orCjYvMStHaVMxbTlaQUxSS3FnMEhaejFaVG1velRnNkY5Z3F3czZiblRodnV4a050U3pFWWovUTM3bjlJczE5amUKeXZzUTNnNUJUR1dFV1dhM04vTnVSYkZNVXprTGVNTTdQM0E0RmhpTE94RUppeGd3a09ueUNYSFZicEVLdDFMMQprMDFlRHNqL3NvTHRLUHV0Q1pLQ2dFamVGNjlOU3M3a2dkOXJoQS9sSmJEMjlrK090MGoxZUs4cFc1T0ZJVHJPCnh6Y29nK2FwSU1TdDFWTFdvNVRHU28yNzRYYUlKZ3Y4RnFGWFRhQkM5bzVxTlhwY2s5dkVrUTZCQ2JteTMrb3UKN3BTWTBLbGUwZUxLNnZPRXIwZUdLVjNUM2RJaldWMytlNkFPRGFHbWtjVVlicTFJY0c5dXg2R1Y4RmNTN2VHTwpLaURBa2p3U204blpyM1VTNTdZaWFxYjlzTk12TnVuNUt4aktJNjBuTTArZmdzZXlNQ3V0V3NyRmhWT2tMV09iCjhLWkVGUFR1czM0R1hLc3gxSXFxdzBVVFpTZTJaNDM1R3FPdDlMSTBhUHAxMGE2ZnRUY1pPUjVOM1hucnNxc0kKRWpNVFBXZStrK0FMT0VkWWRXRVo5WkJoUVk3cmtzcXNIbEt6NlFmM1F3SURBUUFCbzBJd1FEQU9CZ05WSFE4QgpBZjhFQkFNQ0FxUXdEd1lEVlIwVEFRSC9CQVV3QXdFQi96QWRCZ05WSFE0RUZnUVVadVJGK0pXVzgyWE5qUnk5ClJUekFDK3FKK3drd0RRWUpLb1pJaHZjTkFRRUxCUUFEZ2dJQkFFTHZtbUNqZHh0NWc3NGlocTJ0cVNBc3k2UWgKVFZCaVhzUnd6dEZ3OVJ5UlZmQ09FRzR6d3BnN1d4U0NCaVZzMlpQb2t3OUtod0RNUDRXYzVIbExCc1FWUmVVMwp1Zld6VUlaQUlyWVlxc2FNSTBnOGk1L1ZWTGJDRFhZTzRKUjVyTG5XWGRDZXpZVTM5RW9XK0lVT0RjaXZPTytSCmE1cTNLUU0xdndMWEpOOGdZUUNSSnZZUVlmK2Exajhud3YzLzhXejVXZGV5bjVyaEpTNzdNR09iamNlQTZUNkUKSEh5YytxWG1YUUlWQVBBTVhjZnJPVllENFV5YXZEc1MwY1hHZVQ0MlJ3N1ZHTTVzNWQ3d1ZIYlZmR2UrMUw3bApOSndRWXEwQzhpc0Y0RnhHU3ltY1pSbmJPUWtOTDkyam91dyszRjdRTVlSSmtjMU1WU3ZmZ1djdGsvaGtxbEhhCkJsMndtRTYwTHVWNDhLR040VW9KaExzS0daUUJvTDhKNGFEKzdoZGt4ZE1yeVIrSjN5VFFCcGVHMXRlK1FZc2wKUWFxVU1rREZUais0cEhJOHBZQUF2ak9hVWhXaGN0UE05cUs5N1BTTWQwQzhRYnNtNktOWDlwbmRYd2JuUFNBYQpUZ0txZWk1MmljOVZGZngvOUltNTdVdGFwM1RXOE5iUE5mRkcwbzJWWi9id0lKTk9ORldHVGViV1RubEI1NG9hCnpxaUFPQ0pBV2hFV0ZXSUpHeU14NFpNQTlNMkZ2YkV3Wjh2emVmbmk3ZVhtUTBBN29zamNMakw4eWFPakZjVVEKS1pTeG5UNnpjTXRvbXpKbjVSTFBORHF0MjJ6NTR3T2FGTHJjUWlBM3BPcjZXTkZoNVVnVnV5bEx2SUl6ejh4LwpWVzNkcTNibjVRN3pZU2VSCi0tLS0tRU5EIENFUlRJRklDQVRFLS0tLS0K",
                "host": "https://aks-510085-azure-rg-23a9f4-znk6jouu.hcp.eastus2.azmk8s.io:443",
                "password": "gsq5xb6klkrilxptwp12oxi22g2zqezt241puhn1mfy5azxdl3j13ivwkwlz9zg4z3qbh07r4hoawu0e5aoarrrtck927zg7yyeiuvexsq3o8elakctsoie38vp06z7a",
                "username": "clusterUser_azure-rg_aks-51008558"
              }
            ],
            "kube_config_raw": "apiVersion: v1\nclusters:\n- cluster:\n    certificate-authority-data: LS0tLS1CRUdJTiBDRVJUSUZJQ0FURS0tLS0tCk1JSUU2RENDQXRDZ0F3SUJBZ0lRZndVWmt5Tk93TU0yUGFiL2YwVnJwVEFOQmdrcWhraUc5dzBCQVFzRkFEQU4KTVFzd0NRWURWUVFERXdKallUQWdGdzB5TlRBMU1EY3hNakV4TWpaYUdBOHlNRFUxTURVd056RXlNakV5TmxvdwpEVEVMTUFrR0ExVUVBeE1DWTJFd2dnSWlNQTBHQ1NxR1NJYjNEUUVCQVFVQUE0SUNEd0F3Z2dJS0FvSUNBUUN6CkhwUTZYUTEyWWZpTDVNa0k2Z0pLeC9SQnlFSWNPTDRvR1RxeWNEdXZyaE1xaW56dTFkcXdoM2VQcDhDNjdYb1QKL3pNc013dTNabG1NbFdaK0ZYRjE3UERzdkI2VG5NTjBHSkQrZnVRUWZnUDhxaHVUMEVKWFJ6MlZNRkRDTjRjSQpVMEZBRnZOSmM5MHltTnhNRnI5RWZnazUvMDM1b0lVN3RFSUdRb0krd2t2TXVjVExkRDZOR0hqMUducU9WV0orCjYvMStHaVMxbTlaQUxSS3FnMEhaejFaVG1velRnNkY5Z3F3czZiblRodnV4a050U3pFWWovUTM3bjlJczE5amUKeXZzUTNnNUJUR1dFV1dhM04vTnVSYkZNVXprTGVNTTdQM0E0RmhpTE94RUppeGd3a09ueUNYSFZicEVLdDFMMQprMDFlRHNqL3NvTHRLUHV0Q1pLQ2dFamVGNjlOU3M3a2dkOXJoQS9sSmJEMjlrK090MGoxZUs4cFc1T0ZJVHJPCnh6Y29nK2FwSU1TdDFWTFdvNVRHU28yNzRYYUlKZ3Y4RnFGWFRhQkM5bzVxTlhwY2s5dkVrUTZCQ2JteTMrb3UKN3BTWTBLbGUwZUxLNnZPRXIwZUdLVjNUM2RJaldWMytlNkFPRGFHbWtjVVlicTFJY0c5dXg2R1Y4RmNTN2VHTwpLaURBa2p3U204blpyM1VTNTdZaWFxYjlzTk12TnVuNUt4aktJNjBuTTArZmdzZXlNQ3V0V3NyRmhWT2tMV09iCjhLWkVGUFR1czM0R1hLc3gxSXFxdzBVVFpTZTJaNDM1R3FPdDlMSTBhUHAxMGE2ZnRUY1pPUjVOM1hucnNxc0kKRWpNVFBXZStrK0FMT0VkWWRXRVo5WkJoUVk3cmtzcXNIbEt6NlFmM1F3SURBUUFCbzBJd1FEQU9CZ05WSFE4QgpBZjhFQkFNQ0FxUXdEd1lEVlIwVEFRSC9CQVV3QXdFQi96QWRCZ05WSFE0RUZnUVVadVJGK0pXVzgyWE5qUnk5ClJUekFDK3FKK3drd0RRWUpLb1pJaHZjTkFRRUxCUUFEZ2dJQkFFTHZtbUNqZHh0NWc3NGlocTJ0cVNBc3k2UWgKVFZCaVhzUnd6dEZ3OVJ5UlZmQ09FRzR6d3BnN1d4U0NCaVZzMlpQb2t3OUtod0RNUDRXYzVIbExCc1FWUmVVMwp1Zld6VUlaQUlyWVlxc2FNSTBnOGk1L1ZWTGJDRFhZTzRKUjVyTG5XWGRDZXpZVTM5RW9XK0lVT0RjaXZPTytSCmE1cTNLUU0xdndMWEpOOGdZUUNSSnZZUVlmK2Exajhud3YzLzhXejVXZGV5bjVyaEpTNzdNR09iamNlQTZUNkUKSEh5YytxWG1YUUlWQVBBTVhjZnJPVllENFV5YXZEc1MwY1hHZVQ0MlJ3N1ZHTTVzNWQ3d1ZIYlZmR2UrMUw3bApOSndRWXEwQzhpc0Y0RnhHU3ltY1pSbmJPUWtOTDkyam91dyszRjdRTVlSSmtjMU1WU3ZmZ1djdGsvaGtxbEhhCkJsMndtRTYwTHVWNDhLR040VW9KaExzS0daUUJvTDhKNGFEKzdoZGt4ZE1yeVIrSjN5VFFCcGVHMXRlK1FZc2wKUWFxVU1rREZUais0cEhJOHBZQUF2ak9hVWhXaGN0UE05cUs5N1BTTWQwQzhRYnNtNktOWDlwbmRYd2JuUFNBYQpUZ0txZWk1MmljOVZGZngvOUltNTdVdGFwM1RXOE5iUE5mRkcwbzJWWi9id0lKTk9ORldHVGViV1RubEI1NG9hCnpxaUFPQ0pBV2hFV0ZXSUpHeU14NFpNQTlNMkZ2YkV3Wjh2emVmbmk3ZVhtUTBBN29zamNMakw4eWFPakZjVVEKS1pTeG5UNnpjTXRvbXpKbjVSTFBORHF0MjJ6NTR3T2FGTHJjUWlBM3BPcjZXTkZoNVVnVnV5bEx2SUl6ejh4LwpWVzNkcTNibjVRN3pZU2VSCi0tLS0tRU5EIENFUlRJRklDQVRFLS0tLS0K\n    server: https://aks-510085-azure-rg-23a9f4-znk6jouu.hcp.eastus2.azmk8s.io:443\n  name: aks-51008558\ncontexts:\n- context:\n    cluster: aks-51008558\n    user: clusterUser_azure-rg_aks-51008558\n  name: aks-51008558\ncurrent-context: aks-51008558\nkind: Config\npreferences: {}\nusers:\n- name: clusterUser_azure-rg_aks-51008558\n  user:\n    client-certificate-data: LS0tLS1CRUdJTiBDRVJUSUZJQ0FURS0tLS0tCk1JSUZIakNDQXdhZ0F3SUJBZ0lSQU1IM0xHRlBKU2xkT1NVSVRvQWZtTEF3RFFZSktvWklodmNOQVFFTEJRQXcKRFRFTE1Ba0dBMVVFQXhNQ1kyRXdIaGNOTWpVd05UQTNNVEl4TVRJMldoY05NamN3TlRBM01USXlNVEkyV2pBdwpNUmN3RlFZRFZRUUtFdzV6ZVhOMFpXMDZiV0Z6ZEdWeWN6RVZNQk1HQTFVRUF4TU1iV0Z6ZEdWeVkyeHBaVzUwCk1JSUNJakFOQmdrcWhraUc5dzBCQVFFRkFBT0NBZzhBTUlJQ0NnS0NBZ0VBempZWWVOaE04V2F1blhsazE3aGQKcUM1MUUvRzdmQUl1cHBhVWZQbTU2NExlb0R6VThpaEpFYmR2eE9iMlpqM0wvRzNPYlFzVVFXbWhzNWlaVmdVOAprSVBHWCtqblJCcWpyR1Q1RUFyNStrVThITFFBQ3Y0UVV5eGJQNmpoc0xqcFFsS2hxc3J3VmJGWjYzVEluNHNQCmhUMXRiRDhuVHBkZXE1VVplN1BQaUc2dDhNejZyeHgvTVhkazBEenVVcS9YbFZNV1A4WHZPcjFGbDZJMFNJbVgKaVUyTk4vNkhkU0ZvdjlFZE00VnQ0ZzFjdXZxMEwxS0VtbHBLVDJ0cmlVNVhLb0pMcjdVTWdKWHFzK1hKTjN5UApweHhVYkxWeTY2NnNEQkFha2VXYlFwblBHZlNLL3pEaFh0QXJWTm5CODh1enpyMGZBd2h2SzF1RHN0RzhuK0t2CjgzdFhibkIxMnROVWZJdnV5dFZORGorbmpVRHRTNDlXaFo1d2ZOTzdaQTR3MGk2bnZiMmJPTEEwalErTGpoK3YKem5VeFBhZ2dHdHRsZjNyZW5LTXdWaTBQL0NraDQyTXJvdjNVU3huNmh6Znp6QkdxTVlaYXNzNmRiVUM3R0NIMQpsU3A1N3Bndm9xY2Yvd3NYb241bnVRWG9RY2gxT2E0K1RKWitzSHp0R25wY2lSczlvTXNYaVBkaVVkOFI3cWhFCktJWVdmcXNtTTMxeWVKcndSK2F4QkZ3OTREcm1iMkRBSUtOTEFYMGNWdE5vSHFNMnVGMHdwSjZGZVBuWWh4QlQKMklZdGNYbU16MW5vQ0pFUmx6emlBQTExM2VtcGxOVmhHTERJWGlZSWd1S21oUm43THlYcTc1bGJ4cVY1U0NuSQpvY0dMVFFDWWdiQnd3ZktOU1hZdi8yMENBd0VBQWFOV01GUXdEZ1lEVlIwUEFRSC9CQVFEQWdXZ01CTUdBMVVkCkpRUU1NQW9HQ0NzR0FRVUZCd01DTUF3R0ExVWRFd0VCL3dRQ01BQXdId1lEVlIwakJCZ3dGb0FVWnVSRitKV1cKODJYTmpSeTlSVHpBQytxSit3a3dEUVlKS29aSWh2Y05BUUVMQlFBRGdnSUJBQy9vUm9YVnR6aDJaUHJvQW1MRgpnQXZiQmtzdHZTMzNnYlRRbXdXeGtONmxiajUwU20vWmtJcFQ1NVE0cXMwM21UQ3N2bGFXb0FhakJ0eDZEYkdyCjdObEdiMVRQdGJHczlyYXdQT2lJMUVMUzJ2VWhJRG5XNWtnSC9FdTE0R0ZvRG9VeTRBTmhKNVYrcmhLeE1rbUUKNVhVYWROOXRaS2xCaEhNMlJFa0NmZC9VWGcxNTN4VEl4SU1OYzZiSnd6OWZoOS80cFRqRGlkYzd0YU5PWnlsQgpCUnREUGRKY2NaYzBvN1JVQWlwQkFjbTdqK3M4ZWx4bVhpMjZsR0VMOERtMHBPd09GbjVWTkd2czlselZtcE8yClZxNXU0ZGdwU0ludCtWUDNacHBBODQyazVhWFQ5QmI1TjNVd2QwaW8yUnFSQVNsNC82WmordXU1NzN4a2g2d2oKRVZUNTd2bUtsb2dIVnlRMElHUVliUTcwQy9QbW9wRlhRdnVQa2V6SHgvUFE4VzhrZ0tHdmtqVG1kZ3N2aW03TgpKMDhsbWFLMEFVWTh2SU5ZRVpJUlc5VG1kQjBUSFFOcnZzT3hVWDNacHQvMTJETmlhbkNQamJ1NFFDZ1BtSmpZCmFYREZDckVGQlVCajNIVmlLVjd6MXdCeTFuaWFtRWZCWGlDOHlndkZPOUpCV0k5TUIzeTlQdFRWckJ1MkpMSm0KTUQ4V3g3VGpwVDNFa2VHTGlHaVpiQ2NsUTVnTnU5UldPTG9wVkFmZUE0a1BoRzRlN2gydjV6V3EvOTVzNzMxUApCSXA4aXNhRWg1dy9nL0NudlFDRktXNGVNbHhSUFhGb0ZqSGdvdUl2SnQ0cWVpUlZZNTllb1BSZUNkNkYzYzh2CmI5bUVkaW5HL1FOTlh5Ync1eVdpQmI1UQotLS0tLUVORCBDRVJUSUZJQ0FURS0tLS0tCg==\n    client-key-data: LS0tLS1CRUdJTiBSU0EgUFJJVkFURSBLRVktLS0tLQpNSUlKS0FJQkFBS0NBZ0VBempZWWVOaE04V2F1blhsazE3aGRxQzUxRS9HN2ZBSXVwcGFVZlBtNTY0TGVvRHpVCjhpaEpFYmR2eE9iMlpqM0wvRzNPYlFzVVFXbWhzNWlaVmdVOGtJUEdYK2puUkJxanJHVDVFQXI1K2tVOEhMUUEKQ3Y0UVV5eGJQNmpoc0xqcFFsS2hxc3J3VmJGWjYzVEluNHNQaFQxdGJEOG5UcGRlcTVVWmU3UFBpRzZ0OE16NgpyeHgvTVhkazBEenVVcS9YbFZNV1A4WHZPcjFGbDZJMFNJbVhpVTJOTi82SGRTRm92OUVkTTRWdDRnMWN1dnEwCkwxS0VtbHBLVDJ0cmlVNVhLb0pMcjdVTWdKWHFzK1hKTjN5UHB4eFViTFZ5NjY2c0RCQWFrZVdiUXBuUEdmU0sKL3pEaFh0QXJWTm5CODh1enpyMGZBd2h2SzF1RHN0RzhuK0t2ODN0WGJuQjEydE5VZkl2dXl0Vk5EaitualVEdApTNDlXaFo1d2ZOTzdaQTR3MGk2bnZiMmJPTEEwalErTGpoK3Z6blV4UGFnZ0d0dGxmM3JlbktNd1ZpMFAvQ2toCjQyTXJvdjNVU3huNmh6Znp6QkdxTVlaYXNzNmRiVUM3R0NIMWxTcDU3cGd2b3FjZi93c1hvbjVudVFYb1FjaDEKT2E0K1RKWitzSHp0R25wY2lSczlvTXNYaVBkaVVkOFI3cWhFS0lZV2Zxc21NMzF5ZUpyd1IrYXhCRnc5NERybQpiMkRBSUtOTEFYMGNWdE5vSHFNMnVGMHdwSjZGZVBuWWh4QlQySVl0Y1htTXoxbm9DSkVSbHp6aUFBMTEzZW1wCmxOVmhHTERJWGlZSWd1S21oUm43THlYcTc1bGJ4cVY1U0NuSW9jR0xUUUNZZ2JCd3dmS05TWFl2LzIwQ0F3RUEKQVFLQ0FnQVF5SXBaVzVGM25GbmQ2MEZ2NVV1S0lxM1l2N1g0czl6RUprRlRvcWVsS1hPaEt4SlIyMEdITlp6ZApNOGNlTHkxcEVDN2E1U255NFB3T04vOVM1djQwN09TNmJhUlZBSzRObS9KQmdnTXlnV3dSRWYxbTU2TEFnajJ6CkFyWEx3bUVKeXR2cG9MYks0ckprM1k1dW5jelhsVlpRbHh0RjVFQUtTd3BWN1I2WkJoa1dIampSQThxK1plOUkKbTR6eUllbXo5NTA1OTR3dkJiU2lVTXRjbEFaSFlJNTczalY4TFFudmdyK1RyK3B2bVpMUWpSTVpQdWdYLy8xSQpWWC9kSHdrdEpvbXVkVmZkSjFhQTZkVGt0VGlqNjBSYnpMRGJ5YzJxOWF5VDcxSWhxNDhWbDdld2FYUU9XWGNOCll1UE1TZW9LaTQzNG16a2hHRU94ekN4RC94ayszRlFMRUdaR0VRMThHU0lTSzd0UGt2Z2wvZURZSGlWVkw3RTQKTlNFaU5XUEJ2Vjd3R2JmZU9XYzhwUHhwdmVvOVFaS2RSVHp2ZWNUK2I2Zms3Y1kvbjVTcXVXMC90aG1FM21seQpPZ1ZIQk9Ec3pscVFreldMNk1ZR2lRbzFBQ2Q3ZmZPK3ExTU9XclI3RDVIQ0hKaUN1SUhURCtmbHRaZ3l2ZnB1Cm1DeldaTndkR2xoaHRNaGZnUCt3QnRYbzk4UVZqS1JZa2dOSmtHVHA4bjRLeWVzNUpGWUIxdGpQU3RYd2dqcWIKTzZ4T1JscG4xeG9mckFVczRmY3d5L2RIZitDSGNPZHk4SEZvcVBNVGFlcWE5bk02TTZPN3BpUVNDOUo1SGZTTwpwUnp3ZXFqWS95RzVpNnd2emZkNkxkNlRSYTZLeE9LOTN2L2orNm80a3grMEZ5TEJBUUtDQVFFQS9wZW13ck9LCmgrbXo2UFYrc3hwYUpETlZsa09meWQya3c3VWxoem1zTmNjeitvTmdwWjZ5Zk9hR3dVd2tFOEg1L3JjTkozM2oKeUtIcW9KTEcyK3lPVlpZT3FGY2xwR0R3K0xBUTNjK2UyeCtZSnJKcEV6UG10L0hiMXN1dDBJZHg2cEozZmNkMQpPN1hPS3FXTXpnWWNOMTA3UGFLeDBQNXBrLzY2elVsWVZta2FMSm9SODJCUEQ5a1lPQ2RENnZOcEtoMGVBWmk2CmtLZWgvWE0yR21OTFU2OWovWmtkVXZaMEMwY2UxamQyVzdHNDYxUmcxQisrcU1ERTV1Q3p4d3paelB6QUFZdUQKNk11QUI1V1ZyM2tiNGhIblhnQW83amVLZmhXWmRQL2V6QmNVUjBJejd6K3ZjeDJkODNUSSs5MjRZbVp6d1dScAo5Q1ZsTngxQnVBakdJUUtDQVFFQXoxbjNSSDN5cElQNUxValBFaGpSOGpGRWh4dHF2VytBNmNoTjRCSm5ZZDU2CkozQnBXVUtBa25ScTQvQXdjQ1F5N0l4N2tuby85MktIR0dKMXptaEk5Q21xeVhURy9jditKRktQSFMveDlEUmwKM2NCekNBWHFaOGgrVzJmSVJlTnp0dmRHQUlEY20vSFZUVUc0MmdLZUFYeU5Vb2NCc29vUnYxa09uU1FwdWR3YwpLeUxWNmZNYjQrMWpNSkVHQ2lhODFDZjROY3hFMFpyVDlMMzk3aS9SMGNuTUtBNjZ5eldBREJ0dG9RK1lENkQ3CmxFWTZjYk5FUXZCdjlvMU41MFd2RkovQ1JaZzdHMCtVM3pObG5nR3NRMHRzbmVtNWQyaEpXcVViOWVDSm5Wd2EKaCtuT2d4YVhHMjQ5OEtsWmNaa2JzbU9XcE1VdDdobzBjdHQ2Z1JCM3pRS0NBUUFueklNNEtxTDhUaTlldW9uYwo2OEN0cWd5Mkdjb3YzMk16YU96OTc2a1pHeFBvRklPV1FIRzhqcmtBSEt3REhxNjYvOWlobE05My9ML1Y3RHdFCkF6M1k2VVZQVVpoRDB4ZTRlS1dhVnl1Sks2NDRWbW1Rbyt0c1UvVys1VVk5cy82OTRibW1Rdmp6cFo4ZUVaVXEKVzlBclkzcXdUdStuTVM1R0FXc29Uay90Nmk0NlRMZURxVW1TdTZoS2x2REtHTlVXelVoMGpYQ1V6bS9IVkN4ZwpBYWV6NUZZb1BiaFUwTXdoT3pQNTN0KzB3OXFaaHk0LzJ0cU9QTnhMRDFOclNYbit6b0FoZmJMWVFIKzZMOHNmCmpEb3NwQW5jS3dBN0JSbTBUaUlZSlN1cUVlMk1taS9PTmRGeW1HMnBzbGI4OEpNelpycXZ2OGZFYjlnYnZvb1kKZjk2aEFvSUJBUUNIcEZyVk8yOFhvQjNKT2UvNzdyQ290d0lWUUNJN2VrM2lvVjRRVHZuQ1ZEK2t2U3l0YjR1YwpRdndKMEg1ZlhjN1NYN1FXeGxKQ0N2cEZRV08vZXdqK2NLT0ExaHUydTFPdGZ6U1A2MlZrVTBLd0pjMGFXb1JWCkVCdFl3RE9MUkpmV0FUeVI1N3BwYVhJWDcvNTAzM0Z0bDRUN2o4WFVmZTNPTnZ3UVlDL0xuZW52YmdKeDRNOUYKODIwSHdGY3JITnc2RFV1YUpkNS9IOEc0UVBGMGQyUFMwU2Ywckc0VnNSSHEyYWFGemlXelU2UkFBeEVJZ0RVUApkU3BKSjNibTYvYjBqdTRQaU41aHAxWEVEV05VVWRQVzBlaGtCUm1HdTNvQkNqR1lUeUszQmlGMDk4WllpdGFlCjR5Y3g0QmJhOFVYbEZMRGZhUDM2M0xtaXlXRUNQVHVoQW9JQkFGZXYzalIzOEFPbXluVkEya0JnZVRVdDFhMksKSXBiZWpZb1dQdElFTndZeDNoSWNlb0lBTEVQWTdJVTJZcnY4T0xrdXA1bE9wa1FFYWh3c1pPRWdnaXNWSEozUgpFbU5sTDJ6RjZTbUttcVpYakFFL0E0bzBXd1dSUVRwNi8yMmRUZUU1WVZxMTMwMDVuZy9xUm9MUEp2WGpRNnEvCkRmNEhFcXJFdmhoL3pWT3EwOC91cXJqc3EzZU1ZMDZPbVV0Z050WUhFclV2bHFLN25WZXRTRjBvbFdIblZnbnoKR0tBRG9hbDRJVmtHb3JiRExFSFh6MXJnQzRNYlIzK3FXME1odlZrR1RiQ2g4VVNreExqWi91dkFKWDYzTis1TApveVpNTytYODNFNHpoS3JzSEFjS0l3RXhobHJYbjAwV0Y3Wm9RZXNTWE9ubG1jVzlFNWtpbXdFS0tyMD0KLS0tLS1FTkQgUlNBIFBSSVZBVEUgS0VZLS0tLS0K\n    token: gsq5xb6klkrilxptwp12oxi22g2zqezt241puhn1mfy5azxdl3j13ivwkwlz9zg4z3qbh07r4hoawu0e5aoarrrtck927zg7yyeiuvexsq3o8elakctsoie38vp06z7a\n",
            "kubelet_identity": [
              {
                "client_id": "42b4107a-b7bd-40fd-b59a-6fa0b9c2f322",
                "object_id": "4c7b3f5b-db68-4c21-bfa4-f7703bddf463",
                "user_assigned_identity_id": "/subscriptions/23a9f43c-3caf-46e2-be51-e0cabf6d2832/resourceGroups/MC_azure-rg_aks-51008558_eastus2/providers/Microsoft.ManagedIdentity/userAssignedIdentities/aks-51008558-agentpool"
              }
            ],
            "kubernetes_version": "1.31",
            "linux_profile": [
              {
                "admin_username": "azureuser",
                "ssh_key": [
                  {
                    "key_data": "ssh-rsa AAAAB3NzaC1yc2EAAAADAQABAAABAQDrG6/NRXuK6rAPEFF5J3R8NLYfCVkXG6lqxet57+JnCtDMmPj1McBuru6NcqvylZ7XWNrAkpcZPuSWQq0Li6fshahDWoIJLy+pfal0MoixyopRl5cc2NrjlusLf1AXLfWOFp+92a/yl8gI1wU5ab1kbAjflQfFFaVECEl8ImKjvAWfLPsAfShnHoz8vZ4gQMlkXbixH9gI/qrktkAPoR/yhZI7K9h2t+E2E1Z+7r4WKXjQAUXtCJ4t6OYQcqYszkqqAtVYhc1Rj2MVPCgb6mp2FFkrVOI3azgwUWuDbbTNuOrhm2RcmfQu7Yj/ZcthvdObD7pZQIjGCvJgneC7OFuv"
                  }
                ]
              }
            ],
            "local_account_disabled": false,
            "location": "eastus2",
            "maintenance_window": [],
            "maintenance_window_auto_upgrade": [],
            "maintenance_window_node_os": [],
            "microsoft_defender": [],
            "monitor_metrics": [],
            "name": "aks-51008558",
            "network_profile": [
              {
                "dns_service_ip": "10.0.0.10",
                "ip_versions": [
                  "IPv4"
                ],
                "load_balancer_profile": [
                  {
                    "backend_pool_type": "NodeIPConfiguration",
                    "effective_outbound_ips": [
                      "/subscriptions/23a9f43c-3caf-46e2-be51-e0cabf6d2832/resourceGroups/MC_azure-rg_aks-51008558_eastus2/providers/Microsoft.Network/publicIPAddresses/dc87c5c7-07a2-40a2-ab89-6eb9191c9c19"
                    ],
                    "idle_timeout_in_minutes": 0,
                    "managed_outbound_ip_count": 1,
                    "managed_outbound_ipv6_count": 0,
                    "outbound_ip_address_ids": [],
                    "outbound_ip_prefix_ids": [],
                    "outbound_ports_allocated": 0
                  }
                ],
                "load_balancer_sku": "standard",
                "nat_gateway_profile": [],
                "network_data_plane": "azure",
                "network_mode": "",
                "network_plugin": "kubenet",
                "network_plugin_mode": "",
                "network_policy": "",
                "outbound_type": "loadBalancer",
                "pod_cidr": "10.244.0.0/16",
                "pod_cidrs": [
                  "10.244.0.0/16"
                ],
                "service_cidr": "10.0.0.0/16",
                "service_cidrs": [
                  "10.0.0.0/16"
                ]
              }
            ],
            "node_os_upgrade_channel": "NodeImage",
            "node_resource_group": "MC_azure-rg_aks-51008558_eastus2",
            "node_resource_group_id": "/subscriptions/23a9f43c-3caf-46e2-be51-e0cabf6d2832/resourceGroups/MC_azure-rg_aks-51008558_eastus2",
            "oidc_issuer_enabled": false,
            "oidc_issuer_url": "",
            "oms_agent": [],
            "open_service_mesh_enabled": null,
            "portal_fqdn": "aks-510085-azure-rg-23a9f4-znk6jouu.portal.hcp.eastus2.azmk8s.io",
            "private_cluster_enabled": false,
            "private_cluster_public_fqdn_enabled": false,
            "private_dns_zone_id": "",
            "private_fqdn": "",
            "resource_group_name": "azure-rg",
            "role_based_access_control_enabled": true,
            "run_command_enabled": true,
            "service_mesh_profile": [],
            "service_principal": [],
            "sku_tier": "Free",
            "storage_profile": [],
            "support_plan": "KubernetesOfficial",
            "tags": {},
            "timeouts": null,
            "upgrade_override": [],
            "web_app_routing": [],
            "windows_profile": [],
            "workload_autoscaler_profile": [],
            "workload_identity_enabled": false
          },
          "sensitive_attributes": [],
          "private": "eyJlMmJmYjczMC1lY2FhLTExZTYtOGY4OC0zNDM2M2JjN2M0YzAiOnsiY3JlYXRlIjo1NDAwMDAwMDAwMDAwLCJkZWxldGUiOjU0MDAwMDAwMDAwMDAsInJlYWQiOjMwMDAwMDAwMDAwMCwidXBkYXRlIjo1NDAwMDAwMDAwMDAwfSwic2NoZW1hX3ZlcnNpb24iOiIyIn0="
        }
      ]
    },
    {
      "mode": "managed",
      "type": "azurerm_kubernetes_cluster_node_pool",
      "name": "res-14",
      "provider": "provider[\"registry.terraform.io/hashicorp/azurerm\"]",
      "instances": [
        {
          "schema_version": 1,
          "attributes": {
            "auto_scaling_enabled": true,
            "capacity_reservation_group_id": "",
            "eviction_policy": "",
            "fips_enabled": false,
            "gpu_instance": null,
            "host_encryption_enabled": false,
            "host_group_id": "",
            "id": "/subscriptions/23a9f43c-3caf-46e2-be51-e0cabf6d2832/resourceGroups/azure-rg/providers/Microsoft.ContainerService/managedClusters/aks-51008558/agentPools/linux1",
            "kubelet_config": [],
            "kubelet_disk_type": "OS",
            "kubernetes_cluster_id": "/subscriptions/23a9f43c-3caf-46e2-be51-e0cabf6d2832/resourceGroups/azure-rg/providers/Microsoft.ContainerService/managedClusters/aks-51008558",
            "linux_os_config": [],
            "max_count": 3,
            "max_pods": 110,
            "min_count": 1,
            "mode": "User",
            "name": "linux1",
            "node_count": 1,
            "node_labels": {},
            "node_network_profile": [],
            "node_public_ip_enabled": false,
            "node_public_ip_prefix_id": "",
            "node_taints": [],
            "orchestrator_version": "1.31",
            "os_disk_size_gb": 128,
            "os_disk_type": "Managed",
            "os_sku": "Ubuntu",
            "os_type": "Linux",
            "pod_subnet_id": "",
            "priority": "Regular",
            "proximity_placement_group_id": "",
            "scale_down_mode": "Delete",
            "snapshot_id": null,
            "spot_max_price": -1,
            "tags": {},
            "temporary_name_for_rotation": null,
            "timeouts": null,
            "ultra_ssd_enabled": false,
            "upgrade_settings": [],
            "vm_size": "Standard_D2as_v5",
            "vnet_subnet_id": "",
            "windows_profile": [],
            "workload_runtime": null,
            "zones": []
          },
          "sensitive_attributes": [],
          "private": "eyJlMmJmYjczMC1lY2FhLTExZTYtOGY4OC0zNDM2M2JjN2M0YzAiOnsiY3JlYXRlIjozNjAwMDAwMDAwMDAwLCJkZWxldGUiOjM2MDAwMDAwMDAwMDAsInJlYWQiOjMwMDAwMDAwMDAwMCwidXBkYXRlIjozNjAwMDAwMDAwMDAwfSwic2NoZW1hX3ZlcnNpb24iOiIxIn0="
        }
      ]
    },
    {
      "mode": "managed",
      "type": "azurerm_kubernetes_cluster_node_pool",
      "name": "res-15",
      "provider": "provider[\"registry.terraform.io/hashicorp/azurerm\"]",
      "instances": [
        {
          "schema_version": 1,
          "attributes": {
            "auto_scaling_enabled": false,
            "capacity_reservation_group_id": "",
            "eviction_policy": "",
            "fips_enabled": false,
            "gpu_instance": null,
            "host_encryption_enabled": false,
            "host_group_id": "",
            "id": "/subscriptions/23a9f43c-3caf-46e2-be51-e0cabf6d2832/resourceGroups/azure-rg/providers/Microsoft.ContainerService/managedClusters/aks-51008558/agentPools/nodepool1",
            "kubelet_config": [],
            "kubelet_disk_type": "OS",
            "kubernetes_cluster_id": "/subscriptions/23a9f43c-3caf-46e2-be51-e0cabf6d2832/resourceGroups/azure-rg/providers/Microsoft.ContainerService/managedClusters/aks-51008558",
            "linux_os_config": [],
            "max_count": 0,
            "max_pods": 110,
            "min_count": 0,
            "mode": "System",
            "name": "nodepool1",
            "node_count": 2,
            "node_labels": {},
            "node_network_profile": [],
            "node_public_ip_enabled": false,
            "node_public_ip_prefix_id": "",
            "node_taints": [],
            "orchestrator_version": "1.31",
            "os_disk_size_gb": 128,
            "os_disk_type": "Managed",
            "os_sku": "Ubuntu",
            "os_type": "Linux",
            "pod_subnet_id": "",
            "priority": "Regular",
            "proximity_placement_group_id": "",
            "scale_down_mode": "Delete",
            "snapshot_id": null,
            "spot_max_price": -1,
            "tags": {},
            "temporary_name_for_rotation": null,
            "timeouts": null,
            "ultra_ssd_enabled": false,
            "upgrade_settings": [
              {
                "drain_timeout_in_minutes": 0,
                "max_surge": "10%",
                "node_soak_duration_in_minutes": 0
              }
            ],
            "vm_size": "Standard_D2as_v5",
            "vnet_subnet_id": "",
            "windows_profile": [],
            "workload_runtime": null,
            "zones": []
          },
          "sensitive_attributes": [],
          "private": "eyJlMmJmYjczMC1lY2FhLTExZTYtOGY4OC0zNDM2M2JjN2M0YzAiOnsiY3JlYXRlIjozNjAwMDAwMDAwMDAwLCJkZWxldGUiOjM2MDAwMDAwMDAwMDAsInJlYWQiOjMwMDAwMDAwMDAwMCwidXBkYXRlIjozNjAwMDAwMDAwMDAwfSwic2NoZW1hX3ZlcnNpb24iOiIxIn0="
        }
      ]
    },
    {
      "mode": "managed",
      "type": "azurerm_log_analytics_saved_search",
      "name": "res-19",
      "provider": "provider[\"registry.terraform.io/hashicorp/azurerm\"]",
      "instances": [
        {
          "schema_version": 1,
          "attributes": {
            "category": "General Exploration",
            "display_name": "All Computers with their most recent data",
            "function_alias": "",
            "function_parameters": [],
            "id": "/subscriptions/23a9f43c-3caf-46e2-be51-e0cabf6d2832/resourceGroups/azure-rg/providers/Microsoft.OperationalInsights/workspaces/aks-51008558-law/savedSearches/LogManagement(aks-51008558-law)_General|AlphabeticallySortedComputers",
            "log_analytics_workspace_id": "/subscriptions/23a9f43c-3caf-46e2-be51-e0cabf6d2832/resourceGroups/azure-rg/providers/Microsoft.OperationalInsights/workspaces/aks-51008558-law",
            "name": "LogManagement(aks-51008558-law)_General|AlphabeticallySortedComputers",
            "query": "search not(ObjectName == \"Advisor Metrics\" or ObjectName == \"ManagedSpace\") | summarize AggregatedValue = max(TimeGenerated) by Computer | limit 500000 | sort by Computer asc\r\n// Oql: NOT(ObjectName=\"Advisor Metrics\" OR ObjectName=ManagedSpace) | measure max(TimeGenerated) by Computer | top 500000 | Sort Computer // Args: {OQ: True; WorkspaceId: 00000000-0000-0000-0000-000000000000} // Settings: {PTT: True; SortI: True; SortF: True} // Version: 0.1.122",
            "tags": {},
            "timeouts": null
          },
          "sensitive_attributes": [],
          "private": "eyJlMmJmYjczMC1lY2FhLTExZTYtOGY4OC0zNDM2M2JjN2M0YzAiOnsiY3JlYXRlIjoxODAwMDAwMDAwMDAwLCJkZWxldGUiOjE4MDAwMDAwMDAwMDAsInJlYWQiOjMwMDAwMDAwMDAwMH0sInNjaGVtYV92ZXJzaW9uIjoiMSJ9"
        }
      ]
    },
    {
      "mode": "managed",
      "type": "azurerm_log_analytics_saved_search",
      "name": "res-20",
      "provider": "provider[\"registry.terraform.io/hashicorp/azurerm\"]",
      "instances": [
        {
          "schema_version": 1,
          "attributes": {
            "category": "General Exploration",
            "display_name": "Stale Computers (data older than 24 hours)",
            "function_alias": "",
            "function_parameters": [],
            "id": "/subscriptions/23a9f43c-3caf-46e2-be51-e0cabf6d2832/resourceGroups/azure-rg/providers/Microsoft.OperationalInsights/workspaces/aks-51008558-law/savedSearches/LogManagement(aks-51008558-law)_General|StaleComputers",
            "log_analytics_workspace_id": "/subscriptions/23a9f43c-3caf-46e2-be51-e0cabf6d2832/resourceGroups/azure-rg/providers/Microsoft.OperationalInsights/workspaces/aks-51008558-law",
            "name": "LogManagement(aks-51008558-law)_General|StaleComputers",
            "query": "search not(ObjectName == \"Advisor Metrics\" or ObjectName == \"ManagedSpace\") | summarize lastdata = max(TimeGenerated) by Computer | limit 500000 | where lastdata \u003c ago(24h)\r\n// Oql: NOT(ObjectName=\"Advisor Metrics\" OR ObjectName=ManagedSpace) | measure max(TimeGenerated) as lastdata by Computer | top 500000 | where lastdata \u003c NOW-24HOURS // Args: {OQ: True; WorkspaceId: 00000000-0000-0000-0000-000000000000} // Settings: {PTT: True; SortI: True; SortF: True} // Version: 0.1.122",
            "tags": {},
            "timeouts": null
          },
          "sensitive_attributes": [],
          "private": "eyJlMmJmYjczMC1lY2FhLTExZTYtOGY4OC0zNDM2M2JjN2M0YzAiOnsiY3JlYXRlIjoxODAwMDAwMDAwMDAwLCJkZWxldGUiOjE4MDAwMDAwMDAwMDAsInJlYWQiOjMwMDAwMDAwMDAwMH0sInNjaGVtYV92ZXJzaW9uIjoiMSJ9"
        }
      ]
    },
    {
      "mode": "managed",
      "type": "azurerm_log_analytics_saved_search",
      "name": "res-21",
      "provider": "provider[\"registry.terraform.io/hashicorp/azurerm\"]",
      "instances": [
        {
          "schema_version": 1,
          "attributes": {
            "category": "General Exploration",
            "display_name": "Which Management Group is generating the most data points?",
            "function_alias": "",
            "function_parameters": [],
            "id": "/subscriptions/23a9f43c-3caf-46e2-be51-e0cabf6d2832/resourceGroups/azure-rg/providers/Microsoft.OperationalInsights/workspaces/aks-51008558-law/savedSearches/LogManagement(aks-51008558-law)_General|dataPointsPerManagementGroup",
            "log_analytics_workspace_id": "/subscriptions/23a9f43c-3caf-46e2-be51-e0cabf6d2832/resourceGroups/azure-rg/providers/Microsoft.OperationalInsights/workspaces/aks-51008558-law",
            "name": "LogManagement(aks-51008558-law)_General|dataPointsPerManagementGroup",
            "query": "search * | summarize AggregatedValue = count() by ManagementGroupName\r\n// Oql: * | Measure count() by ManagementGroupName // Args: {OQ: True; WorkspaceId: 00000000-0000-0000-0000-000000000000} // Settings: {PTT: True; SortI: True; SortF: True} // Version: 0.1.122",
            "tags": {},
            "timeouts": null
          },
          "sensitive_attributes": [],
          "private": "eyJlMmJmYjczMC1lY2FhLTExZTYtOGY4OC0zNDM2M2JjN2M0YzAiOnsiY3JlYXRlIjoxODAwMDAwMDAwMDAwLCJkZWxldGUiOjE4MDAwMDAwMDAwMDAsInJlYWQiOjMwMDAwMDAwMDAwMH0sInNjaGVtYV92ZXJzaW9uIjoiMSJ9"
        }
      ]
    },
    {
      "mode": "managed",
      "type": "azurerm_log_analytics_saved_search",
      "name": "res-22",
      "provider": "provider[\"registry.terraform.io/hashicorp/azurerm\"]",
      "instances": [
        {
          "schema_version": 1,
          "attributes": {
            "category": "General Exploration",
            "display_name": "Distribution of data Types",
            "function_alias": "",
            "function_parameters": [],
            "id": "/subscriptions/23a9f43c-3caf-46e2-be51-e0cabf6d2832/resourceGroups/azure-rg/providers/Microsoft.OperationalInsights/workspaces/aks-51008558-law/savedSearches/LogManagement(aks-51008558-law)_General|dataTypeDistribution",
            "log_analytics_workspace_id": "/subscriptions/23a9f43c-3caf-46e2-be51-e0cabf6d2832/resourceGroups/azure-rg/providers/Microsoft.OperationalInsights/workspaces/aks-51008558-law",
            "name": "LogManagement(aks-51008558-law)_General|dataTypeDistribution",
            "query": "search * | extend Type = $table | summarize AggregatedValue = count() by Type\r\n// Oql: * | Measure count() by Type // Args: {OQ: True; WorkspaceId: 00000000-0000-0000-0000-000000000000} // Settings: {PTT: True; SortI: True; SortF: True} // Version: 0.1.122",
            "tags": {},
            "timeouts": null
          },
          "sensitive_attributes": [],
          "private": "eyJlMmJmYjczMC1lY2FhLTExZTYtOGY4OC0zNDM2M2JjN2M0YzAiOnsiY3JlYXRlIjoxODAwMDAwMDAwMDAwLCJkZWxldGUiOjE4MDAwMDAwMDAwMDAsInJlYWQiOjMwMDAwMDAwMDAwMH0sInNjaGVtYV92ZXJzaW9uIjoiMSJ9"
        }
      ]
    },
    {
      "mode": "managed",
      "type": "azurerm_log_analytics_saved_search",
      "name": "res-23",
      "provider": "provider[\"registry.terraform.io/hashicorp/azurerm\"]",
      "instances": [
        {
          "schema_version": 1,
          "attributes": {
            "category": "Log Management",
            "display_name": "All Events",
            "function_alias": "",
            "function_parameters": [],
            "id": "/subscriptions/23a9f43c-3caf-46e2-be51-e0cabf6d2832/resourceGroups/azure-rg/providers/Microsoft.OperationalInsights/workspaces/aks-51008558-law/savedSearches/LogManagement(aks-51008558-law)_LogManagement|AllEvents",
            "log_analytics_workspace_id": "/subscriptions/23a9f43c-3caf-46e2-be51-e0cabf6d2832/resourceGroups/azure-rg/providers/Microsoft.OperationalInsights/workspaces/aks-51008558-law",
            "name": "LogManagement(aks-51008558-law)_LogManagement|AllEvents",
            "query": "Event | sort by TimeGenerated desc\r\n// Oql: Type=Event // Args: {OQ: True; WorkspaceId: 00000000-0000-0000-0000-000000000000} // Settings: {PTT: True; SortI: True; SortF: True} // Version: 0.1.122",
            "tags": {},
            "timeouts": null
          },
          "sensitive_attributes": [],
          "private": "eyJlMmJmYjczMC1lY2FhLTExZTYtOGY4OC0zNDM2M2JjN2M0YzAiOnsiY3JlYXRlIjoxODAwMDAwMDAwMDAwLCJkZWxldGUiOjE4MDAwMDAwMDAwMDAsInJlYWQiOjMwMDAwMDAwMDAwMH0sInNjaGVtYV92ZXJzaW9uIjoiMSJ9"
        }
      ]
    },
    {
      "mode": "managed",
      "type": "azurerm_log_analytics_saved_search",
      "name": "res-24",
      "provider": "provider[\"registry.terraform.io/hashicorp/azurerm\"]",
      "instances": [
        {
          "schema_version": 1,
          "attributes": {
            "category": "Log Management",
            "display_name": "All Syslogs",
            "function_alias": "",
            "function_parameters": [],
            "id": "/subscriptions/23a9f43c-3caf-46e2-be51-e0cabf6d2832/resourceGroups/azure-rg/providers/Microsoft.OperationalInsights/workspaces/aks-51008558-law/savedSearches/LogManagement(aks-51008558-law)_LogManagement|AllSyslog",
            "log_analytics_workspace_id": "/subscriptions/23a9f43c-3caf-46e2-be51-e0cabf6d2832/resourceGroups/azure-rg/providers/Microsoft.OperationalInsights/workspaces/aks-51008558-law",
            "name": "LogManagement(aks-51008558-law)_LogManagement|AllSyslog",
            "query": "Syslog | sort by TimeGenerated desc\r\n// Oql: Type=Syslog // Args: {OQ: True; WorkspaceId: 00000000-0000-0000-0000-000000000000} // Settings: {PTT: True; SortI: True; SortF: True} // Version: 0.1.122",
            "tags": {},
            "timeouts": null
          },
          "sensitive_attributes": [],
          "private": "eyJlMmJmYjczMC1lY2FhLTExZTYtOGY4OC0zNDM2M2JjN2M0YzAiOnsiY3JlYXRlIjoxODAwMDAwMDAwMDAwLCJkZWxldGUiOjE4MDAwMDAwMDAwMDAsInJlYWQiOjMwMDAwMDAwMDAwMH0sInNjaGVtYV92ZXJzaW9uIjoiMSJ9"
        }
      ]
    },
    {
      "mode": "managed",
      "type": "azurerm_log_analytics_saved_search",
      "name": "res-25",
      "provider": "provider[\"registry.terraform.io/hashicorp/azurerm\"]",
      "instances": [
        {
          "schema_version": 1,
          "attributes": {
            "category": "Log Management",
            "display_name": "All Syslog Records grouped by Facility",
            "function_alias": "",
            "function_parameters": [],
            "id": "/subscriptions/23a9f43c-3caf-46e2-be51-e0cabf6d2832/resourceGroups/azure-rg/providers/Microsoft.OperationalInsights/workspaces/aks-51008558-law/savedSearches/LogManagement(aks-51008558-law)_LogManagement|AllSyslogByFacility",
            "log_analytics_workspace_id": "/subscriptions/23a9f43c-3caf-46e2-be51-e0cabf6d2832/resourceGroups/azure-rg/providers/Microsoft.OperationalInsights/workspaces/aks-51008558-law",
            "name": "LogManagement(aks-51008558-law)_LogManagement|AllSyslogByFacility",
            "query": "Syslog | summarize AggregatedValue = count() by Facility\r\n// Oql: Type=Syslog | Measure count() by Facility // Args: {OQ: True; WorkspaceId: 00000000-0000-0000-0000-000000000000} // Settings: {PTT: True; SortI: True; SortF: True} // Version: 0.1.122",
            "tags": {},
            "timeouts": null
          },
          "sensitive_attributes": [],
          "private": "eyJlMmJmYjczMC1lY2FhLTExZTYtOGY4OC0zNDM2M2JjN2M0YzAiOnsiY3JlYXRlIjoxODAwMDAwMDAwMDAwLCJkZWxldGUiOjE4MDAwMDAwMDAwMDAsInJlYWQiOjMwMDAwMDAwMDAwMH0sInNjaGVtYV92ZXJzaW9uIjoiMSJ9"
        }
      ]
    },
    {
      "mode": "managed",
      "type": "azurerm_log_analytics_saved_search",
      "name": "res-26",
      "provider": "provider[\"registry.terraform.io/hashicorp/azurerm\"]",
      "instances": [
        {
          "schema_version": 1,
          "attributes": {
            "category": "Log Management",
            "display_name": "All Syslog Records grouped by ProcessName",
            "function_alias": "",
            "function_parameters": [],
            "id": "/subscriptions/23a9f43c-3caf-46e2-be51-e0cabf6d2832/resourceGroups/azure-rg/providers/Microsoft.OperationalInsights/workspaces/aks-51008558-law/savedSearches/LogManagement(aks-51008558-law)_LogManagement|AllSyslogByProcessName",
            "log_analytics_workspace_id": "/subscriptions/23a9f43c-3caf-46e2-be51-e0cabf6d2832/resourceGroups/azure-rg/providers/Microsoft.OperationalInsights/workspaces/aks-51008558-law",
            "name": "LogManagement(aks-51008558-law)_LogManagement|AllSyslogByProcessName",
            "query": "Syslog | summarize AggregatedValue = count() by ProcessName\r\n// Oql: Type=Syslog | Measure count() by ProcessName // Args: {OQ: True; WorkspaceId: 00000000-0000-0000-0000-000000000000} // Settings: {PTT: True; SortI: True; SortF: True} // Version: 0.1.122",
            "tags": {},
            "timeouts": null
          },
          "sensitive_attributes": [],
          "private": "eyJlMmJmYjczMC1lY2FhLTExZTYtOGY4OC0zNDM2M2JjN2M0YzAiOnsiY3JlYXRlIjoxODAwMDAwMDAwMDAwLCJkZWxldGUiOjE4MDAwMDAwMDAwMDAsInJlYWQiOjMwMDAwMDAwMDAwMH0sInNjaGVtYV92ZXJzaW9uIjoiMSJ9"
        }
      ]
    },
    {
      "mode": "managed",
      "type": "azurerm_log_analytics_saved_search",
      "name": "res-27",
      "provider": "provider[\"registry.terraform.io/hashicorp/azurerm\"]",
      "instances": [
        {
          "schema_version": 1,
          "attributes": {
            "category": "Log Management",
            "display_name": "All Syslog Records with Errors",
            "function_alias": "",
            "function_parameters": [],
            "id": "/subscriptions/23a9f43c-3caf-46e2-be51-e0cabf6d2832/resourceGroups/azure-rg/providers/Microsoft.OperationalInsights/workspaces/aks-51008558-law/savedSearches/LogManagement(aks-51008558-law)_LogManagement|AllSyslogsWithErrors",
            "log_analytics_workspace_id": "/subscriptions/23a9f43c-3caf-46e2-be51-e0cabf6d2832/resourceGroups/azure-rg/providers/Microsoft.OperationalInsights/workspaces/aks-51008558-law",
            "name": "LogManagement(aks-51008558-law)_LogManagement|AllSyslogsWithErrors",
            "query": "Syslog | where SeverityLevel == \"error\" | sort by TimeGenerated desc\r\n// Oql: Type=Syslog SeverityLevel=error // Args: {OQ: True; WorkspaceId: 00000000-0000-0000-0000-000000000000} // Settings: {PTT: True; SortI: True; SortF: True} // Version: 0.1.122",
            "tags": {},
            "timeouts": null
          },
          "sensitive_attributes": [],
          "private": "eyJlMmJmYjczMC1lY2FhLTExZTYtOGY4OC0zNDM2M2JjN2M0YzAiOnsiY3JlYXRlIjoxODAwMDAwMDAwMDAwLCJkZWxldGUiOjE4MDAwMDAwMDAwMDAsInJlYWQiOjMwMDAwMDAwMDAwMH0sInNjaGVtYV92ZXJzaW9uIjoiMSJ9"
        }
      ]
    },
    {
      "mode": "managed",
      "type": "azurerm_log_analytics_saved_search",
      "name": "res-28",
      "provider": "provider[\"registry.terraform.io/hashicorp/azurerm\"]",
      "instances": [
        {
          "schema_version": 1,
          "attributes": {
            "category": "Log Management",
            "display_name": "Average HTTP Request time by Client IP Address",
            "function_alias": "",
            "function_parameters": [],
            "id": "/subscriptions/23a9f43c-3caf-46e2-be51-e0cabf6d2832/resourceGroups/azure-rg/providers/Microsoft.OperationalInsights/workspaces/aks-51008558-law/savedSearches/LogManagement(aks-51008558-law)_LogManagement|AverageHTTPRequestTimeByClientIPAddress",
            "log_analytics_workspace_id": "/subscriptions/23a9f43c-3caf-46e2-be51-e0cabf6d2832/resourceGroups/azure-rg/providers/Microsoft.OperationalInsights/workspaces/aks-51008558-law",
            "name": "LogManagement(aks-51008558-law)_LogManagement|AverageHTTPRequestTimeByClientIPAddress",
            "query": "search * | extend Type = $table | where Type == W3CIISLog | summarize AggregatedValue = avg(TimeTaken) by cIP\r\n// Oql: Type=W3CIISLog | Measure Avg(TimeTaken) by cIP // Args: {OQ: True; WorkspaceId: 00000000-0000-0000-0000-000000000000} // Settings: {PEF: True; SortI: True; SortF: True} // Version: 0.1.122",
            "tags": {},
            "timeouts": null
          },
          "sensitive_attributes": [],
          "private": "eyJlMmJmYjczMC1lY2FhLTExZTYtOGY4OC0zNDM2M2JjN2M0YzAiOnsiY3JlYXRlIjoxODAwMDAwMDAwMDAwLCJkZWxldGUiOjE4MDAwMDAwMDAwMDAsInJlYWQiOjMwMDAwMDAwMDAwMH0sInNjaGVtYV92ZXJzaW9uIjoiMSJ9"
        }
      ]
    },
    {
      "mode": "managed",
      "type": "azurerm_log_analytics_saved_search",
      "name": "res-29",
      "provider": "provider[\"registry.terraform.io/hashicorp/azurerm\"]",
      "instances": [
        {
          "schema_version": 1,
          "attributes": {
            "category": "Log Management",
            "display_name": "Average HTTP Request time by HTTP Method",
            "function_alias": "",
            "function_parameters": [],
            "id": "/subscriptions/23a9f43c-3caf-46e2-be51-e0cabf6d2832/resourceGroups/azure-rg/providers/Microsoft.OperationalInsights/workspaces/aks-51008558-law/savedSearches/LogManagement(aks-51008558-law)_LogManagement|AverageHTTPRequestTimeHTTPMethod",
            "log_analytics_workspace_id": "/subscriptions/23a9f43c-3caf-46e2-be51-e0cabf6d2832/resourceGroups/azure-rg/providers/Microsoft.OperationalInsights/workspaces/aks-51008558-law",
            "name": "LogManagement(aks-51008558-law)_LogManagement|AverageHTTPRequestTimeHTTPMethod",
            "query": "search * | extend Type = $table | where Type == W3CIISLog | summarize AggregatedValue = avg(TimeTaken) by csMethod\r\n// Oql: Type=W3CIISLog | Measure Avg(TimeTaken) by csMethod // Args: {OQ: True; WorkspaceId: 00000000-0000-0000-0000-000000000000} // Settings: {PEF: True; SortI: True; SortF: True} // Version: 0.1.122",
            "tags": {},
            "timeouts": null
          },
          "sensitive_attributes": [],
          "private": "eyJlMmJmYjczMC1lY2FhLTExZTYtOGY4OC0zNDM2M2JjN2M0YzAiOnsiY3JlYXRlIjoxODAwMDAwMDAwMDAwLCJkZWxldGUiOjE4MDAwMDAwMDAwMDAsInJlYWQiOjMwMDAwMDAwMDAwMH0sInNjaGVtYV92ZXJzaW9uIjoiMSJ9"
        }
      ]
    },
    {
      "mode": "managed",
      "type": "azurerm_log_analytics_saved_search",
      "name": "res-30",
      "provider": "provider[\"registry.terraform.io/hashicorp/azurerm\"]",
      "instances": [
        {
          "schema_version": 1,
          "attributes": {
            "category": "Log Management",
            "display_name": "Count of IIS Log Entries by Client IP Address",
            "function_alias": "",
            "function_parameters": [],
            "id": "/subscriptions/23a9f43c-3caf-46e2-be51-e0cabf6d2832/resourceGroups/azure-rg/providers/Microsoft.OperationalInsights/workspaces/aks-51008558-law/savedSearches/LogManagement(aks-51008558-law)_LogManagement|CountIISLogEntriesClientIPAddress",
            "log_analytics_workspace_id": "/subscriptions/23a9f43c-3caf-46e2-be51-e0cabf6d2832/resourceGroups/azure-rg/providers/Microsoft.OperationalInsights/workspaces/aks-51008558-law",
            "name": "LogManagement(aks-51008558-law)_LogManagement|CountIISLogEntriesClientIPAddress",
            "query": "search * | extend Type = $table | where Type == W3CIISLog | summarize AggregatedValue = count() by cIP\r\n// Oql: Type=W3CIISLog | Measure count() by cIP // Args: {OQ: True; WorkspaceId: 00000000-0000-0000-0000-000000000000} // Settings: {PEF: True; SortI: True; SortF: True} // Version: 0.1.122",
            "tags": {},
            "timeouts": null
          },
          "sensitive_attributes": [],
          "private": "eyJlMmJmYjczMC1lY2FhLTExZTYtOGY4OC0zNDM2M2JjN2M0YzAiOnsiY3JlYXRlIjoxODAwMDAwMDAwMDAwLCJkZWxldGUiOjE4MDAwMDAwMDAwMDAsInJlYWQiOjMwMDAwMDAwMDAwMH0sInNjaGVtYV92ZXJzaW9uIjoiMSJ9"
        }
      ]
    },
    {
      "mode": "managed",
      "type": "azurerm_log_analytics_saved_search",
      "name": "res-31",
      "provider": "provider[\"registry.terraform.io/hashicorp/azurerm\"]",
      "instances": [
        {
          "schema_version": 1,
          "attributes": {
            "category": "Log Management",
            "display_name": "Count of IIS Log Entries by HTTP Request Method",
            "function_alias": "",
            "function_parameters": [],
            "id": "/subscriptions/23a9f43c-3caf-46e2-be51-e0cabf6d2832/resourceGroups/azure-rg/providers/Microsoft.OperationalInsights/workspaces/aks-51008558-law/savedSearches/LogManagement(aks-51008558-law)_LogManagement|CountIISLogEntriesHTTPRequestMethod",
            "log_analytics_workspace_id": "/subscriptions/23a9f43c-3caf-46e2-be51-e0cabf6d2832/resourceGroups/azure-rg/providers/Microsoft.OperationalInsights/workspaces/aks-51008558-law",
            "name": "LogManagement(aks-51008558-law)_LogManagement|CountIISLogEntriesHTTPRequestMethod",
            "query": "search * | extend Type = $table | where Type == W3CIISLog | summarize AggregatedValue = count() by csMethod\r\n// Oql: Type=W3CIISLog | Measure count() by csMethod // Args: {OQ: True; WorkspaceId: 00000000-0000-0000-0000-000000000000} // Settings: {PEF: True; SortI: True; SortF: True} // Version: 0.1.122",
            "tags": {},
            "timeouts": null
          },
          "sensitive_attributes": [],
          "private": "eyJlMmJmYjczMC1lY2FhLTExZTYtOGY4OC0zNDM2M2JjN2M0YzAiOnsiY3JlYXRlIjoxODAwMDAwMDAwMDAwLCJkZWxldGUiOjE4MDAwMDAwMDAwMDAsInJlYWQiOjMwMDAwMDAwMDAwMH0sInNjaGVtYV92ZXJzaW9uIjoiMSJ9"
        }
      ]
    },
    {
      "mode": "managed",
      "type": "azurerm_log_analytics_saved_search",
      "name": "res-32",
      "provider": "provider[\"registry.terraform.io/hashicorp/azurerm\"]",
      "instances": [
        {
          "schema_version": 1,
          "attributes": {
            "category": "Log Management",
            "display_name": "Count of IIS Log Entries by HTTP User Agent",
            "function_alias": "",
            "function_parameters": [],
            "id": "/subscriptions/23a9f43c-3caf-46e2-be51-e0cabf6d2832/resourceGroups/azure-rg/providers/Microsoft.OperationalInsights/workspaces/aks-51008558-law/savedSearches/LogManagement(aks-51008558-law)_LogManagement|CountIISLogEntriesHTTPUserAgent",
            "log_analytics_workspace_id": "/subscriptions/23a9f43c-3caf-46e2-be51-e0cabf6d2832/resourceGroups/azure-rg/providers/Microsoft.OperationalInsights/workspaces/aks-51008558-law",
            "name": "LogManagement(aks-51008558-law)_LogManagement|CountIISLogEntriesHTTPUserAgent",
            "query": "search * | extend Type = $table | where Type == W3CIISLog | summarize AggregatedValue = count() by csUserAgent\r\n// Oql: Type=W3CIISLog | Measure count() by csUserAgent // Args: {OQ: True; WorkspaceId: 00000000-0000-0000-0000-000000000000} // Settings: {PEF: True; SortI: True; SortF: True} // Version: 0.1.122",
            "tags": {},
            "timeouts": null
          },
          "sensitive_attributes": [],
          "private": "eyJlMmJmYjczMC1lY2FhLTExZTYtOGY4OC0zNDM2M2JjN2M0YzAiOnsiY3JlYXRlIjoxODAwMDAwMDAwMDAwLCJkZWxldGUiOjE4MDAwMDAwMDAwMDAsInJlYWQiOjMwMDAwMDAwMDAwMH0sInNjaGVtYV92ZXJzaW9uIjoiMSJ9"
        }
      ]
    },
    {
      "mode": "managed",
      "type": "azurerm_log_analytics_saved_search",
      "name": "res-33",
      "provider": "provider[\"registry.terraform.io/hashicorp/azurerm\"]",
      "instances": [
        {
          "schema_version": 1,
          "attributes": {
            "category": "Log Management",
            "display_name": "Count of IIS Log Entries by Host requested by client",
            "function_alias": "",
            "function_parameters": [],
            "id": "/subscriptions/23a9f43c-3caf-46e2-be51-e0cabf6d2832/resourceGroups/azure-rg/providers/Microsoft.OperationalInsights/workspaces/aks-51008558-law/savedSearches/LogManagement(aks-51008558-law)_LogManagement|CountOfIISLogEntriesByHostRequestedByClient",
            "log_analytics_workspace_id": "/subscriptions/23a9f43c-3caf-46e2-be51-e0cabf6d2832/resourceGroups/azure-rg/providers/Microsoft.OperationalInsights/workspaces/aks-51008558-law",
            "name": "LogManagement(aks-51008558-law)_LogManagement|CountOfIISLogEntriesByHostRequestedByClient",
            "query": "search * | extend Type = $table | where Type == W3CIISLog | summarize AggregatedValue = count() by csHost\r\n// Oql: Type=W3CIISLog | Measure count() by csHost // Args: {OQ: True; WorkspaceId: 00000000-0000-0000-0000-000000000000} // Settings: {PEF: True; SortI: True; SortF: True} // Version: 0.1.122",
            "tags": {},
            "timeouts": null
          },
          "sensitive_attributes": [],
          "private": "eyJlMmJmYjczMC1lY2FhLTExZTYtOGY4OC0zNDM2M2JjN2M0YzAiOnsiY3JlYXRlIjoxODAwMDAwMDAwMDAwLCJkZWxldGUiOjE4MDAwMDAwMDAwMDAsInJlYWQiOjMwMDAwMDAwMDAwMH0sInNjaGVtYV92ZXJzaW9uIjoiMSJ9"
        }
      ]
    },
    {
      "mode": "managed",
      "type": "azurerm_log_analytics_saved_search",
      "name": "res-34",
      "provider": "provider[\"registry.terraform.io/hashicorp/azurerm\"]",
      "instances": [
        {
          "schema_version": 1,
          "attributes": {
            "category": "Log Management",
            "display_name": "Count of IIS Log Entries by URL for the host \"www.contoso.com\" (replace with your own)",
            "function_alias": "",
            "function_parameters": [],
            "id": "/subscriptions/23a9f43c-3caf-46e2-be51-e0cabf6d2832/resourceGroups/azure-rg/providers/Microsoft.OperationalInsights/workspaces/aks-51008558-law/savedSearches/LogManagement(aks-51008558-law)_LogManagement|CountOfIISLogEntriesByURLForHost",
            "log_analytics_workspace_id": "/subscriptions/23a9f43c-3caf-46e2-be51-e0cabf6d2832/resourceGroups/azure-rg/providers/Microsoft.OperationalInsights/workspaces/aks-51008558-law",
            "name": "LogManagement(aks-51008558-law)_LogManagement|CountOfIISLogEntriesByURLForHost",
            "query": "search csHost == \"www.contoso.com\" | extend Type = $table | where Type == W3CIISLog | summarize AggregatedValue = count() by csUriStem\r\n// Oql: Type=W3CIISLog csHost=\"www.contoso.com\" | Measure count() by csUriStem // Args: {OQ: True; WorkspaceId: 00000000-0000-0000-0000-000000000000} // Settings: {PEF: True; SortI: True; SortF: True} // Version: 0.1.122",
            "tags": {},
            "timeouts": null
          },
          "sensitive_attributes": [],
          "private": "eyJlMmJmYjczMC1lY2FhLTExZTYtOGY4OC0zNDM2M2JjN2M0YzAiOnsiY3JlYXRlIjoxODAwMDAwMDAwMDAwLCJkZWxldGUiOjE4MDAwMDAwMDAwMDAsInJlYWQiOjMwMDAwMDAwMDAwMH0sInNjaGVtYV92ZXJzaW9uIjoiMSJ9"
        }
      ]
    },
    {
      "mode": "managed",
      "type": "azurerm_log_analytics_saved_search",
      "name": "res-35",
      "provider": "provider[\"registry.terraform.io/hashicorp/azurerm\"]",
      "instances": [
        {
          "schema_version": 1,
          "attributes": {
            "category": "Log Management",
            "display_name": "Count of IIS Log Entries by URL requested by client (without query strings)",
            "function_alias": "",
            "function_parameters": [],
            "id": "/subscriptions/23a9f43c-3caf-46e2-be51-e0cabf6d2832/resourceGroups/azure-rg/providers/Microsoft.OperationalInsights/workspaces/aks-51008558-law/savedSearches/LogManagement(aks-51008558-law)_LogManagement|CountOfIISLogEntriesByURLRequestedByClient",
            "log_analytics_workspace_id": "/subscriptions/23a9f43c-3caf-46e2-be51-e0cabf6d2832/resourceGroups/azure-rg/providers/Microsoft.OperationalInsights/workspaces/aks-51008558-law",
            "name": "LogManagement(aks-51008558-law)_LogManagement|CountOfIISLogEntriesByURLRequestedByClient",
            "query": "search * | extend Type = $table | where Type == W3CIISLog | summarize AggregatedValue = count() by csUriStem\r\n// Oql: Type=W3CIISLog | Measure count() by csUriStem // Args: {OQ: True; WorkspaceId: 00000000-0000-0000-0000-000000000000} // Settings: {PEF: True; SortI: True; SortF: True} // Version: 0.1.122",
            "tags": {},
            "timeouts": null
          },
          "sensitive_attributes": [],
          "private": "eyJlMmJmYjczMC1lY2FhLTExZTYtOGY4OC0zNDM2M2JjN2M0YzAiOnsiY3JlYXRlIjoxODAwMDAwMDAwMDAwLCJkZWxldGUiOjE4MDAwMDAwMDAwMDAsInJlYWQiOjMwMDAwMDAwMDAwMH0sInNjaGVtYV92ZXJzaW9uIjoiMSJ9"
        }
      ]
    },
    {
      "mode": "managed",
      "type": "azurerm_log_analytics_saved_search",
      "name": "res-36",
      "provider": "provider[\"registry.terraform.io/hashicorp/azurerm\"]",
      "instances": [
        {
          "schema_version": 1,
          "attributes": {
            "category": "Log Management",
            "display_name": "Count of Events with level \"Warning\" grouped by Event ID",
            "function_alias": "",
            "function_parameters": [],
            "id": "/subscriptions/23a9f43c-3caf-46e2-be51-e0cabf6d2832/resourceGroups/azure-rg/providers/Microsoft.OperationalInsights/workspaces/aks-51008558-law/savedSearches/LogManagement(aks-51008558-law)_LogManagement|CountOfWarningEvents",
            "log_analytics_workspace_id": "/subscriptions/23a9f43c-3caf-46e2-be51-e0cabf6d2832/resourceGroups/azure-rg/providers/Microsoft.OperationalInsights/workspaces/aks-51008558-law",
            "name": "LogManagement(aks-51008558-law)_LogManagement|CountOfWarningEvents",
            "query": "Event | where EventLevelName == \"warning\" | summarize AggregatedValue = count() by EventID\r\n// Oql: Type=Event EventLevelName=warning | Measure count() by EventID // Args: {OQ: True; WorkspaceId: 00000000-0000-0000-0000-000000000000} // Settings: {PTT: True; SortI: True; SortF: True} // Version: 0.1.122",
            "tags": {},
            "timeouts": null
          },
          "sensitive_attributes": [],
          "private": "eyJlMmJmYjczMC1lY2FhLTExZTYtOGY4OC0zNDM2M2JjN2M0YzAiOnsiY3JlYXRlIjoxODAwMDAwMDAwMDAwLCJkZWxldGUiOjE4MDAwMDAwMDAwMDAsInJlYWQiOjMwMDAwMDAwMDAwMH0sInNjaGVtYV92ZXJzaW9uIjoiMSJ9"
        }
      ]
    },
    {
      "mode": "managed",
      "type": "azurerm_log_analytics_saved_search",
      "name": "res-37",
      "provider": "provider[\"registry.terraform.io/hashicorp/azurerm\"]",
      "instances": [
        {
          "schema_version": 1,
          "attributes": {
            "category": "Log Management",
            "display_name": "Shows breakdown of response codes",
            "function_alias": "",
            "function_parameters": [],
            "id": "/subscriptions/23a9f43c-3caf-46e2-be51-e0cabf6d2832/resourceGroups/azure-rg/providers/Microsoft.OperationalInsights/workspaces/aks-51008558-law/savedSearches/LogManagement(aks-51008558-law)_LogManagement|DisplayBreakdownRespondCodes",
            "log_analytics_workspace_id": "/subscriptions/23a9f43c-3caf-46e2-be51-e0cabf6d2832/resourceGroups/azure-rg/providers/Microsoft.OperationalInsights/workspaces/aks-51008558-law",
            "name": "LogManagement(aks-51008558-law)_LogManagement|DisplayBreakdownRespondCodes",
            "query": "search * | extend Type = $table | where Type == W3CIISLog | summarize AggregatedValue = count() by scStatus\r\n// Oql: Type=W3CIISLog | Measure count() by scStatus // Args: {OQ: True; WorkspaceId: 00000000-0000-0000-0000-000000000000} // Settings: {PEF: True; SortI: True; SortF: True} // Version: 0.1.122",
            "tags": {},
            "timeouts": null
          },
          "sensitive_attributes": [],
          "private": "eyJlMmJmYjczMC1lY2FhLTExZTYtOGY4OC0zNDM2M2JjN2M0YzAiOnsiY3JlYXRlIjoxODAwMDAwMDAwMDAwLCJkZWxldGUiOjE4MDAwMDAwMDAwMDAsInJlYWQiOjMwMDAwMDAwMDAwMH0sInNjaGVtYV92ZXJzaW9uIjoiMSJ9"
        }
      ]
    },
    {
      "mode": "managed",
      "type": "azurerm_log_analytics_saved_search",
      "name": "res-38",
      "provider": "provider[\"registry.terraform.io/hashicorp/azurerm\"]",
      "instances": [
        {
          "schema_version": 1,
          "attributes": {
            "category": "Log Management",
            "display_name": "Count of Events grouped by Event Log",
            "function_alias": "",
            "function_parameters": [],
            "id": "/subscriptions/23a9f43c-3caf-46e2-be51-e0cabf6d2832/resourceGroups/azure-rg/providers/Microsoft.OperationalInsights/workspaces/aks-51008558-law/savedSearches/LogManagement(aks-51008558-law)_LogManagement|EventsByEventLog",
            "log_analytics_workspace_id": "/subscriptions/23a9f43c-3caf-46e2-be51-e0cabf6d2832/resourceGroups/azure-rg/providers/Microsoft.OperationalInsights/workspaces/aks-51008558-law",
            "name": "LogManagement(aks-51008558-law)_LogManagement|EventsByEventLog",
            "query": "Event | summarize AggregatedValue = count() by EventLog\r\n// Oql: Type=Event | Measure count() by EventLog // Args: {OQ: True; WorkspaceId: 00000000-0000-0000-0000-000000000000} // Settings: {PTT: True; SortI: True; SortF: True} // Version: 0.1.122",
            "tags": {},
            "timeouts": null
          },
          "sensitive_attributes": [],
          "private": "eyJlMmJmYjczMC1lY2FhLTExZTYtOGY4OC0zNDM2M2JjN2M0YzAiOnsiY3JlYXRlIjoxODAwMDAwMDAwMDAwLCJkZWxldGUiOjE4MDAwMDAwMDAwMDAsInJlYWQiOjMwMDAwMDAwMDAwMH0sInNjaGVtYV92ZXJzaW9uIjoiMSJ9"
        }
      ]
    },
    {
      "mode": "managed",
      "type": "azurerm_log_analytics_saved_search",
      "name": "res-39",
      "provider": "provider[\"registry.terraform.io/hashicorp/azurerm\"]",
      "instances": [
        {
          "schema_version": 1,
          "attributes": {
            "category": "Log Management",
            "display_name": "Count of Events grouped by Event Source",
            "function_alias": "",
            "function_parameters": [],
            "id": "/subscriptions/23a9f43c-3caf-46e2-be51-e0cabf6d2832/resourceGroups/azure-rg/providers/Microsoft.OperationalInsights/workspaces/aks-51008558-law/savedSearches/LogManagement(aks-51008558-law)_LogManagement|EventsByEventSource",
            "log_analytics_workspace_id": "/subscriptions/23a9f43c-3caf-46e2-be51-e0cabf6d2832/resourceGroups/azure-rg/providers/Microsoft.OperationalInsights/workspaces/aks-51008558-law",
            "name": "LogManagement(aks-51008558-law)_LogManagement|EventsByEventSource",
            "query": "Event | summarize AggregatedValue = count() by Source\r\n// Oql: Type=Event | Measure count() by Source // Args: {OQ: True; WorkspaceId: 00000000-0000-0000-0000-000000000000} // Settings: {PTT: True; SortI: True; SortF: True} // Version: 0.1.122",
            "tags": {},
            "timeouts": null
          },
          "sensitive_attributes": [],
          "private": "eyJlMmJmYjczMC1lY2FhLTExZTYtOGY4OC0zNDM2M2JjN2M0YzAiOnsiY3JlYXRlIjoxODAwMDAwMDAwMDAwLCJkZWxldGUiOjE4MDAwMDAwMDAwMDAsInJlYWQiOjMwMDAwMDAwMDAwMH0sInNjaGVtYV92ZXJzaW9uIjoiMSJ9"
        }
      ]
    },
    {
      "mode": "managed",
      "type": "azurerm_log_analytics_saved_search",
      "name": "res-40",
      "provider": "provider[\"registry.terraform.io/hashicorp/azurerm\"]",
      "instances": [
        {
          "schema_version": 1,
          "attributes": {
            "category": "Log Management",
            "display_name": "Count of Events grouped by Event ID",
            "function_alias": "",
            "function_parameters": [],
            "id": "/subscriptions/23a9f43c-3caf-46e2-be51-e0cabf6d2832/resourceGroups/azure-rg/providers/Microsoft.OperationalInsights/workspaces/aks-51008558-law/savedSearches/LogManagement(aks-51008558-law)_LogManagement|EventsByEventsID",
            "log_analytics_workspace_id": "/subscriptions/23a9f43c-3caf-46e2-be51-e0cabf6d2832/resourceGroups/azure-rg/providers/Microsoft.OperationalInsights/workspaces/aks-51008558-law",
            "name": "LogManagement(aks-51008558-law)_LogManagement|EventsByEventsID",
            "query": "Event | summarize AggregatedValue = count() by EventID\r\n// Oql: Type=Event | Measure count() by EventID // Args: {OQ: True; WorkspaceId: 00000000-0000-0000-0000-000000000000} // Settings: {PTT: True; SortI: True; SortF: True} // Version: 0.1.122",
            "tags": {},
            "timeouts": null
          },
          "sensitive_attributes": [],
          "private": "eyJlMmJmYjczMC1lY2FhLTExZTYtOGY4OC0zNDM2M2JjN2M0YzAiOnsiY3JlYXRlIjoxODAwMDAwMDAwMDAwLCJkZWxldGUiOjE4MDAwMDAwMDAwMDAsInJlYWQiOjMwMDAwMDAwMDAwMH0sInNjaGVtYV92ZXJzaW9uIjoiMSJ9"
        }
      ]
    },
    {
      "mode": "managed",
      "type": "azurerm_log_analytics_saved_search",
      "name": "res-41",
      "provider": "provider[\"registry.terraform.io/hashicorp/azurerm\"]",
      "instances": [
        {
          "schema_version": 1,
          "attributes": {
            "category": "Log Management",
            "display_name": "Events in the Operations Manager Event Log whose Event ID is in the range between 2000 and 3000",
            "function_alias": "",
            "function_parameters": [],
            "id": "/subscriptions/23a9f43c-3caf-46e2-be51-e0cabf6d2832/resourceGroups/azure-rg/providers/Microsoft.OperationalInsights/workspaces/aks-51008558-law/savedSearches/LogManagement(aks-51008558-law)_LogManagement|EventsInOMBetween2000to3000",
            "log_analytics_workspace_id": "/subscriptions/23a9f43c-3caf-46e2-be51-e0cabf6d2832/resourceGroups/azure-rg/providers/Microsoft.OperationalInsights/workspaces/aks-51008558-law",
            "name": "LogManagement(aks-51008558-law)_LogManagement|EventsInOMBetween2000to3000",
            "query": "Event | where EventLog == \"Operations Manager\" and EventID \u003e= 2000 and EventID \u003c= 3000 | sort by TimeGenerated desc\r\n// Oql: Type=Event EventLog=\"Operations Manager\" EventID:[2000..3000] // Args: {OQ: True; WorkspaceId: 00000000-0000-0000-0000-000000000000} // Settings: {PTT: True; SortI: True; SortF: True} // Version: 0.1.122",
            "tags": {},
            "timeouts": null
          },
          "sensitive_attributes": [],
          "private": "eyJlMmJmYjczMC1lY2FhLTExZTYtOGY4OC0zNDM2M2JjN2M0YzAiOnsiY3JlYXRlIjoxODAwMDAwMDAwMDAwLCJkZWxldGUiOjE4MDAwMDAwMDAwMDAsInJlYWQiOjMwMDAwMDAwMDAwMH0sInNjaGVtYV92ZXJzaW9uIjoiMSJ9"
        }
      ]
    },
    {
      "mode": "managed",
      "type": "azurerm_log_analytics_saved_search",
      "name": "res-42",
      "provider": "provider[\"registry.terraform.io/hashicorp/azurerm\"]",
      "instances": [
        {
          "schema_version": 1,
          "attributes": {
            "category": "Log Management",
            "display_name": "Count of Events containing the word \"started\" grouped by EventID",
            "function_alias": "",
            "function_parameters": [],
            "id": "/subscriptions/23a9f43c-3caf-46e2-be51-e0cabf6d2832/resourceGroups/azure-rg/providers/Microsoft.OperationalInsights/workspaces/aks-51008558-law/savedSearches/LogManagement(aks-51008558-law)_LogManagement|EventsWithStartedinEventID",
            "log_analytics_workspace_id": "/subscriptions/23a9f43c-3caf-46e2-be51-e0cabf6d2832/resourceGroups/azure-rg/providers/Microsoft.OperationalInsights/workspaces/aks-51008558-law",
            "name": "LogManagement(aks-51008558-law)_LogManagement|EventsWithStartedinEventID",
            "query": "search in (Event) \"started\" | summarize AggregatedValue = count() by EventID\r\n// Oql: Type=Event \"started\" | Measure count() by EventID // Args: {OQ: True; WorkspaceId: 00000000-0000-0000-0000-000000000000} // Settings: {PTT: True; SortI: True; SortF: True} // Version: 0.1.122",
            "tags": {},
            "timeouts": null
          },
          "sensitive_attributes": [],
          "private": "eyJlMmJmYjczMC1lY2FhLTExZTYtOGY4OC0zNDM2M2JjN2M0YzAiOnsiY3JlYXRlIjoxODAwMDAwMDAwMDAwLCJkZWxldGUiOjE4MDAwMDAwMDAwMDAsInJlYWQiOjMwMDAwMDAwMDAwMH0sInNjaGVtYV92ZXJzaW9uIjoiMSJ9"
        }
      ]
    },
    {
      "mode": "managed",
      "type": "azurerm_log_analytics_saved_search",
      "name": "res-43",
      "provider": "provider[\"registry.terraform.io/hashicorp/azurerm\"]",
      "instances": [
        {
          "schema_version": 1,
          "attributes": {
            "category": "Log Management",
            "display_name": "Find the maximum time taken for each page",
            "function_alias": "",
            "function_parameters": [],
            "id": "/subscriptions/23a9f43c-3caf-46e2-be51-e0cabf6d2832/resourceGroups/azure-rg/providers/Microsoft.OperationalInsights/workspaces/aks-51008558-law/savedSearches/LogManagement(aks-51008558-law)_LogManagement|FindMaximumTimeTakenForEachPage",
            "log_analytics_workspace_id": "/subscriptions/23a9f43c-3caf-46e2-be51-e0cabf6d2832/resourceGroups/azure-rg/providers/Microsoft.OperationalInsights/workspaces/aks-51008558-law",
            "name": "LogManagement(aks-51008558-law)_LogManagement|FindMaximumTimeTakenForEachPage",
            "query": "search * | extend Type = $table | where Type == W3CIISLog | summarize AggregatedValue = max(TimeTaken) by csUriStem\r\n// Oql: Type=W3CIISLog | Measure Max(TimeTaken) by csUriStem // Args: {OQ: True; WorkspaceId: 00000000-0000-0000-0000-000000000000} // Settings: {PEF: True; SortI: True; SortF: True} // Version: 0.1.122",
            "tags": {},
            "timeouts": null
          },
          "sensitive_attributes": [],
          "private": "eyJlMmJmYjczMC1lY2FhLTExZTYtOGY4OC0zNDM2M2JjN2M0YzAiOnsiY3JlYXRlIjoxODAwMDAwMDAwMDAwLCJkZWxldGUiOjE4MDAwMDAwMDAwMDAsInJlYWQiOjMwMDAwMDAwMDAwMH0sInNjaGVtYV92ZXJzaW9uIjoiMSJ9"
        }
      ]
    },
    {
      "mode": "managed",
      "type": "azurerm_log_analytics_saved_search",
      "name": "res-44",
      "provider": "provider[\"registry.terraform.io/hashicorp/azurerm\"]",
      "instances": [
        {
          "schema_version": 1,
          "attributes": {
            "category": "Log Management",
            "display_name": "IIS Log Entries for a specific client IP Address (replace with your own)",
            "function_alias": "",
            "function_parameters": [],
            "id": "/subscriptions/23a9f43c-3caf-46e2-be51-e0cabf6d2832/resourceGroups/azure-rg/providers/Microsoft.OperationalInsights/workspaces/aks-51008558-law/savedSearches/LogManagement(aks-51008558-law)_LogManagement|IISLogEntriesForClientIP",
            "log_analytics_workspace_id": "/subscriptions/23a9f43c-3caf-46e2-be51-e0cabf6d2832/resourceGroups/azure-rg/providers/Microsoft.OperationalInsights/workspaces/aks-51008558-law",
            "name": "LogManagement(aks-51008558-law)_LogManagement|IISLogEntriesForClientIP",
            "query": "search cIP == \"192.168.0.1\" | extend Type = $table | where Type == W3CIISLog | sort by TimeGenerated desc | project csUriStem, scBytes, csBytes, TimeTaken, scStatus\r\n// Oql: Type=W3CIISLog cIP=\"192.168.0.1\" | Select csUriStem,scBytes,csBytes,TimeTaken,scStatus // Args: {OQ: True; WorkspaceId: 00000000-0000-0000-0000-000000000000} // Settings: {PEF: True; SortI: True; SortF: True} // Version: 0.1.122",
            "tags": {},
            "timeouts": null
          },
          "sensitive_attributes": [],
          "private": "eyJlMmJmYjczMC1lY2FhLTExZTYtOGY4OC0zNDM2M2JjN2M0YzAiOnsiY3JlYXRlIjoxODAwMDAwMDAwMDAwLCJkZWxldGUiOjE4MDAwMDAwMDAwMDAsInJlYWQiOjMwMDAwMDAwMDAwMH0sInNjaGVtYV92ZXJzaW9uIjoiMSJ9"
        }
      ]
    },
    {
      "mode": "managed",
      "type": "azurerm_log_analytics_saved_search",
      "name": "res-45",
      "provider": "provider[\"registry.terraform.io/hashicorp/azurerm\"]",
      "instances": [
        {
          "schema_version": 1,
          "attributes": {
            "category": "Log Management",
            "display_name": "All IIS Log Entries",
            "function_alias": "",
            "function_parameters": [],
            "id": "/subscriptions/23a9f43c-3caf-46e2-be51-e0cabf6d2832/resourceGroups/azure-rg/providers/Microsoft.OperationalInsights/workspaces/aks-51008558-law/savedSearches/LogManagement(aks-51008558-law)_LogManagement|ListAllIISLogEntries",
            "log_analytics_workspace_id": "/subscriptions/23a9f43c-3caf-46e2-be51-e0cabf6d2832/resourceGroups/azure-rg/providers/Microsoft.OperationalInsights/workspaces/aks-51008558-law",
            "name": "LogManagement(aks-51008558-law)_LogManagement|ListAllIISLogEntries",
            "query": "search * | extend Type = $table | where Type == W3CIISLog | sort by TimeGenerated desc\r\n// Oql: Type=W3CIISLog // Args: {OQ: True; WorkspaceId: 00000000-0000-0000-0000-000000000000} // Settings: {PEF: True; SortI: True; SortF: True} // Version: 0.1.122",
            "tags": {},
            "timeouts": null
          },
          "sensitive_attributes": [],
          "private": "eyJlMmJmYjczMC1lY2FhLTExZTYtOGY4OC0zNDM2M2JjN2M0YzAiOnsiY3JlYXRlIjoxODAwMDAwMDAwMDAwLCJkZWxldGUiOjE4MDAwMDAwMDAwMDAsInJlYWQiOjMwMDAwMDAwMDAwMH0sInNjaGVtYV92ZXJzaW9uIjoiMSJ9"
        }
      ]
    },
    {
      "mode": "managed",
      "type": "azurerm_log_analytics_saved_search",
      "name": "res-46",
      "provider": "provider[\"registry.terraform.io/hashicorp/azurerm\"]",
      "instances": [
        {
          "schema_version": 1,
          "attributes": {
            "category": "Log Management",
            "display_name": "How many connections to Operations Manager's SDK service by day",
            "function_alias": "",
            "function_parameters": [],
            "id": "/subscriptions/23a9f43c-3caf-46e2-be51-e0cabf6d2832/resourceGroups/azure-rg/providers/Microsoft.OperationalInsights/workspaces/aks-51008558-law/savedSearches/LogManagement(aks-51008558-law)_LogManagement|NoOfConnectionsToOMSDKService",
            "log_analytics_workspace_id": "/subscriptions/23a9f43c-3caf-46e2-be51-e0cabf6d2832/resourceGroups/azure-rg/providers/Microsoft.OperationalInsights/workspaces/aks-51008558-law",
            "name": "LogManagement(aks-51008558-law)_LogManagement|NoOfConnectionsToOMSDKService",
            "query": "Event | where EventID == 26328 and EventLog == \"Operations Manager\" | summarize AggregatedValue = count() by bin(TimeGenerated, 1d) | sort by TimeGenerated desc\r\n// Oql: Type=Event EventID=26328 EventLog=\"Operations Manager\" | Measure count() interval 1DAY // Args: {OQ: True; WorkspaceId: 00000000-0000-0000-0000-000000000000} // Settings: {PTT: True; SortI: True; SortF: True} // Version: 0.1.122",
            "tags": {},
            "timeouts": null
          },
          "sensitive_attributes": [],
          "private": "eyJlMmJmYjczMC1lY2FhLTExZTYtOGY4OC0zNDM2M2JjN2M0YzAiOnsiY3JlYXRlIjoxODAwMDAwMDAwMDAwLCJkZWxldGUiOjE4MDAwMDAwMDAwMDAsInJlYWQiOjMwMDAwMDAwMDAwMH0sInNjaGVtYV92ZXJzaW9uIjoiMSJ9"
        }
      ]
    },
    {
      "mode": "managed",
      "type": "azurerm_log_analytics_saved_search",
      "name": "res-47",
      "provider": "provider[\"registry.terraform.io/hashicorp/azurerm\"]",
      "instances": [
        {
          "schema_version": 1,
          "attributes": {
            "category": "Log Management",
            "display_name": "When did my servers initiate restart?",
            "function_alias": "",
            "function_parameters": [],
            "id": "/subscriptions/23a9f43c-3caf-46e2-be51-e0cabf6d2832/resourceGroups/azure-rg/providers/Microsoft.OperationalInsights/workspaces/aks-51008558-law/savedSearches/LogManagement(aks-51008558-law)_LogManagement|ServerRestartTime",
            "log_analytics_workspace_id": "/subscriptions/23a9f43c-3caf-46e2-be51-e0cabf6d2832/resourceGroups/azure-rg/providers/Microsoft.OperationalInsights/workspaces/aks-51008558-law",
            "name": "LogManagement(aks-51008558-law)_LogManagement|ServerRestartTime",
            "query": "search in (Event) \"shutdown\" and EventLog == \"System\" and Source == \"User32\" and EventID == 1074 | sort by TimeGenerated desc | project TimeGenerated, Computer\r\n// Oql: shutdown Type=Event EventLog=System Source=User32 EventID=1074 | Select TimeGenerated,Computer // Args: {OQ: True; WorkspaceId: 00000000-0000-0000-0000-000000000000} // Settings: {PTT: True; SortI: True; SortF: True} // Version: 0.1.122",
            "tags": {},
            "timeouts": null
          },
          "sensitive_attributes": [],
          "private": "eyJlMmJmYjczMC1lY2FhLTExZTYtOGY4OC0zNDM2M2JjN2M0YzAiOnsiY3JlYXRlIjoxODAwMDAwMDAwMDAwLCJkZWxldGUiOjE4MDAwMDAwMDAwMDAsInJlYWQiOjMwMDAwMDAwMDAwMH0sInNjaGVtYV92ZXJzaW9uIjoiMSJ9"
        }
      ]
    },
    {
      "mode": "managed",
      "type": "azurerm_log_analytics_saved_search",
      "name": "res-48",
      "provider": "provider[\"registry.terraform.io/hashicorp/azurerm\"]",
      "instances": [
        {
          "schema_version": 1,
          "attributes": {
            "category": "Log Management",
            "display_name": "Shows which pages people are getting a 404 for",
            "function_alias": "",
            "function_parameters": [],
            "id": "/subscriptions/23a9f43c-3caf-46e2-be51-e0cabf6d2832/resourceGroups/azure-rg/providers/Microsoft.OperationalInsights/workspaces/aks-51008558-law/savedSearches/LogManagement(aks-51008558-law)_LogManagement|Show404PagesList",
            "log_analytics_workspace_id": "/subscriptions/23a9f43c-3caf-46e2-be51-e0cabf6d2832/resourceGroups/azure-rg/providers/Microsoft.OperationalInsights/workspaces/aks-51008558-law",
            "name": "LogManagement(aks-51008558-law)_LogManagement|Show404PagesList",
            "query": "search scStatus == 404 | extend Type = $table | where Type == W3CIISLog | summarize AggregatedValue = count() by csUriStem\r\n// Oql: Type=W3CIISLog scStatus=404 | Measure count() by csUriStem // Args: {OQ: True; WorkspaceId: 00000000-0000-0000-0000-000000000000} // Settings: {PEF: True; SortI: True; SortF: True} // Version: 0.1.122",
            "tags": {},
            "timeouts": null
          },
          "sensitive_attributes": [],
          "private": "eyJlMmJmYjczMC1lY2FhLTExZTYtOGY4OC0zNDM2M2JjN2M0YzAiOnsiY3JlYXRlIjoxODAwMDAwMDAwMDAwLCJkZWxldGUiOjE4MDAwMDAwMDAwMDAsInJlYWQiOjMwMDAwMDAwMDAwMH0sInNjaGVtYV92ZXJzaW9uIjoiMSJ9"
        }
      ]
    },
    {
      "mode": "managed",
      "type": "azurerm_log_analytics_saved_search",
      "name": "res-49",
      "provider": "provider[\"registry.terraform.io/hashicorp/azurerm\"]",
      "instances": [
        {
          "schema_version": 1,
          "attributes": {
            "category": "Log Management",
            "display_name": "Shows servers that are throwing internal server error",
            "function_alias": "",
            "function_parameters": [],
            "id": "/subscriptions/23a9f43c-3caf-46e2-be51-e0cabf6d2832/resourceGroups/azure-rg/providers/Microsoft.OperationalInsights/workspaces/aks-51008558-law/savedSearches/LogManagement(aks-51008558-law)_LogManagement|ShowServersThrowingInternalServerError",
            "log_analytics_workspace_id": "/subscriptions/23a9f43c-3caf-46e2-be51-e0cabf6d2832/resourceGroups/azure-rg/providers/Microsoft.OperationalInsights/workspaces/aks-51008558-law",
            "name": "LogManagement(aks-51008558-law)_LogManagement|ShowServersThrowingInternalServerError",
            "query": "search scStatus == 500 | extend Type = $table | where Type == W3CIISLog | summarize AggregatedValue = count() by sComputerName\r\n// Oql: Type=W3CIISLog scStatus=500 | Measure count() by sComputerName // Args: {OQ: True; WorkspaceId: 00000000-0000-0000-0000-000000000000} // Settings: {PEF: True; SortI: True; SortF: True} // Version: 0.1.122",
            "tags": {},
            "timeouts": null
          },
          "sensitive_attributes": [],
          "private": "eyJlMmJmYjczMC1lY2FhLTExZTYtOGY4OC0zNDM2M2JjN2M0YzAiOnsiY3JlYXRlIjoxODAwMDAwMDAwMDAwLCJkZWxldGUiOjE4MDAwMDAwMDAwMDAsInJlYWQiOjMwMDAwMDAwMDAwMH0sInNjaGVtYV92ZXJzaW9uIjoiMSJ9"
        }
      ]
    },
    {
      "mode": "managed",
      "type": "azurerm_log_analytics_saved_search",
      "name": "res-50",
      "provider": "provider[\"registry.terraform.io/hashicorp/azurerm\"]",
      "instances": [
        {
          "schema_version": 1,
          "attributes": {
            "category": "Log Management",
            "display_name": "Total Bytes received by each Azure Role Instance",
            "function_alias": "",
            "function_parameters": [],
            "id": "/subscriptions/23a9f43c-3caf-46e2-be51-e0cabf6d2832/resourceGroups/azure-rg/providers/Microsoft.OperationalInsights/workspaces/aks-51008558-law/savedSearches/LogManagement(aks-51008558-law)_LogManagement|TotalBytesReceivedByEachAzureRoleInstance",
            "log_analytics_workspace_id": "/subscriptions/23a9f43c-3caf-46e2-be51-e0cabf6d2832/resourceGroups/azure-rg/providers/Microsoft.OperationalInsights/workspaces/aks-51008558-law",
            "name": "LogManagement(aks-51008558-law)_LogManagement|TotalBytesReceivedByEachAzureRoleInstance",
            "query": "search * | extend Type = $table | where Type == W3CIISLog | summarize AggregatedValue = sum(csBytes) by RoleInstance\r\n// Oql: Type=W3CIISLog | Measure Sum(csBytes) by RoleInstance // Args: {OQ: True; WorkspaceId: 00000000-0000-0000-0000-000000000000} // Settings: {PEF: True; SortI: True; SortF: True} // Version: 0.1.122",
            "tags": {},
            "timeouts": null
          },
          "sensitive_attributes": [],
          "private": "eyJlMmJmYjczMC1lY2FhLTExZTYtOGY4OC0zNDM2M2JjN2M0YzAiOnsiY3JlYXRlIjoxODAwMDAwMDAwMDAwLCJkZWxldGUiOjE4MDAwMDAwMDAwMDAsInJlYWQiOjMwMDAwMDAwMDAwMH0sInNjaGVtYV92ZXJzaW9uIjoiMSJ9"
        }
      ]
    },
    {
      "mode": "managed",
      "type": "azurerm_log_analytics_saved_search",
      "name": "res-51",
      "provider": "provider[\"registry.terraform.io/hashicorp/azurerm\"]",
      "instances": [
        {
          "schema_version": 1,
          "attributes": {
            "category": "Log Management",
            "display_name": "Total Bytes received by each IIS Computer",
            "function_alias": "",
            "function_parameters": [],
            "id": "/subscriptions/23a9f43c-3caf-46e2-be51-e0cabf6d2832/resourceGroups/azure-rg/providers/Microsoft.OperationalInsights/workspaces/aks-51008558-law/savedSearches/LogManagement(aks-51008558-law)_LogManagement|TotalBytesReceivedByEachIISComputer",
            "log_analytics_workspace_id": "/subscriptions/23a9f43c-3caf-46e2-be51-e0cabf6d2832/resourceGroups/azure-rg/providers/Microsoft.OperationalInsights/workspaces/aks-51008558-law",
            "name": "LogManagement(aks-51008558-law)_LogManagement|TotalBytesReceivedByEachIISComputer",
            "query": "search * | extend Type = $table | where Type == W3CIISLog | summarize AggregatedValue = sum(csBytes) by Computer | limit 500000\r\n// Oql: Type=W3CIISLog | Measure Sum(csBytes) by Computer | top 500000 // Args: {OQ: True; WorkspaceId: 00000000-0000-0000-0000-000000000000} // Settings: {PEF: True; SortI: True; SortF: True} // Version: 0.1.122",
            "tags": {},
            "timeouts": null
          },
          "sensitive_attributes": [],
          "private": "eyJlMmJmYjczMC1lY2FhLTExZTYtOGY4OC0zNDM2M2JjN2M0YzAiOnsiY3JlYXRlIjoxODAwMDAwMDAwMDAwLCJkZWxldGUiOjE4MDAwMDAwMDAwMDAsInJlYWQiOjMwMDAwMDAwMDAwMH0sInNjaGVtYV92ZXJzaW9uIjoiMSJ9"
        }
      ]
    },
    {
      "mode": "managed",
      "type": "azurerm_log_analytics_saved_search",
      "name": "res-52",
      "provider": "provider[\"registry.terraform.io/hashicorp/azurerm\"]",
      "instances": [
        {
          "schema_version": 1,
          "attributes": {
            "category": "Log Management",
            "display_name": "Total Bytes responded back to clients by Client IP Address",
            "function_alias": "",
            "function_parameters": [],
            "id": "/subscriptions/23a9f43c-3caf-46e2-be51-e0cabf6d2832/resourceGroups/azure-rg/providers/Microsoft.OperationalInsights/workspaces/aks-51008558-law/savedSearches/LogManagement(aks-51008558-law)_LogManagement|TotalBytesRespondedToClientsByClientIPAddress",
            "log_analytics_workspace_id": "/subscriptions/23a9f43c-3caf-46e2-be51-e0cabf6d2832/resourceGroups/azure-rg/providers/Microsoft.OperationalInsights/workspaces/aks-51008558-law",
            "name": "LogManagement(aks-51008558-law)_LogManagement|TotalBytesRespondedToClientsByClientIPAddress",
            "query": "search * | extend Type = $table | where Type == W3CIISLog | summarize AggregatedValue = sum(scBytes) by cIP\r\n// Oql: Type=W3CIISLog | Measure Sum(scBytes) by cIP // Args: {OQ: True; WorkspaceId: 00000000-0000-0000-0000-000000000000} // Settings: {PEF: True; SortI: True; SortF: True} // Version: 0.1.122",
            "tags": {},
            "timeouts": null
          },
          "sensitive_attributes": [],
          "private": "eyJlMmJmYjczMC1lY2FhLTExZTYtOGY4OC0zNDM2M2JjN2M0YzAiOnsiY3JlYXRlIjoxODAwMDAwMDAwMDAwLCJkZWxldGUiOjE4MDAwMDAwMDAwMDAsInJlYWQiOjMwMDAwMDAwMDAwMH0sInNjaGVtYV92ZXJzaW9uIjoiMSJ9"
        }
      ]
    },
    {
      "mode": "managed",
      "type": "azurerm_log_analytics_saved_search",
      "name": "res-53",
      "provider": "provider[\"registry.terraform.io/hashicorp/azurerm\"]",
      "instances": [
        {
          "schema_version": 1,
          "attributes": {
            "category": "Log Management",
            "display_name": "Total Bytes responded back to clients by each IIS ServerIP Address",
            "function_alias": "",
            "function_parameters": [],
            "id": "/subscriptions/23a9f43c-3caf-46e2-be51-e0cabf6d2832/resourceGroups/azure-rg/providers/Microsoft.OperationalInsights/workspaces/aks-51008558-law/savedSearches/LogManagement(aks-51008558-law)_LogManagement|TotalBytesRespondedToClientsByEachIISServerIPAddress",
            "log_analytics_workspace_id": "/subscriptions/23a9f43c-3caf-46e2-be51-e0cabf6d2832/resourceGroups/azure-rg/providers/Microsoft.OperationalInsights/workspaces/aks-51008558-law",
            "name": "LogManagement(aks-51008558-law)_LogManagement|TotalBytesRespondedToClientsByEachIISServerIPAddress",
            "query": "search * | extend Type = $table | where Type == W3CIISLog | summarize AggregatedValue = sum(scBytes) by sIP\r\n// Oql: Type=W3CIISLog | Measure Sum(scBytes) by sIP // Args: {OQ: True; WorkspaceId: 00000000-0000-0000-0000-000000000000} // Settings: {PEF: True; SortI: True; SortF: True} // Version: 0.1.122",
            "tags": {},
            "timeouts": null
          },
          "sensitive_attributes": [],
          "private": "eyJlMmJmYjczMC1lY2FhLTExZTYtOGY4OC0zNDM2M2JjN2M0YzAiOnsiY3JlYXRlIjoxODAwMDAwMDAwMDAwLCJkZWxldGUiOjE4MDAwMDAwMDAwMDAsInJlYWQiOjMwMDAwMDAwMDAwMH0sInNjaGVtYV92ZXJzaW9uIjoiMSJ9"
        }
      ]
    },
    {
      "mode": "managed",
      "type": "azurerm_log_analytics_saved_search",
      "name": "res-54",
      "provider": "provider[\"registry.terraform.io/hashicorp/azurerm\"]",
      "instances": [
        {
          "schema_version": 1,
          "attributes": {
            "category": "Log Management",
            "display_name": "Total Bytes sent by Client IP Address",
            "function_alias": "",
            "function_parameters": [],
            "id": "/subscriptions/23a9f43c-3caf-46e2-be51-e0cabf6d2832/resourceGroups/azure-rg/providers/Microsoft.OperationalInsights/workspaces/aks-51008558-law/savedSearches/LogManagement(aks-51008558-law)_LogManagement|TotalBytesSentByClientIPAddress",
            "log_analytics_workspace_id": "/subscriptions/23a9f43c-3caf-46e2-be51-e0cabf6d2832/resourceGroups/azure-rg/providers/Microsoft.OperationalInsights/workspaces/aks-51008558-law",
            "name": "LogManagement(aks-51008558-law)_LogManagement|TotalBytesSentByClientIPAddress",
            "query": "search * | extend Type = $table | where Type == W3CIISLog | summarize AggregatedValue = sum(csBytes) by cIP\r\n// Oql: Type=W3CIISLog | Measure Sum(csBytes) by cIP // Args: {OQ: True; WorkspaceId: 00000000-0000-0000-0000-000000000000} // Settings: {PEF: True; SortI: True; SortF: True} // Version: 0.1.122",
            "tags": {},
            "timeouts": null
          },
          "sensitive_attributes": [],
          "private": "eyJlMmJmYjczMC1lY2FhLTExZTYtOGY4OC0zNDM2M2JjN2M0YzAiOnsiY3JlYXRlIjoxODAwMDAwMDAwMDAwLCJkZWxldGUiOjE4MDAwMDAwMDAwMDAsInJlYWQiOjMwMDAwMDAwMDAwMH0sInNjaGVtYV92ZXJzaW9uIjoiMSJ9"
        }
      ]
    },
    {
      "mode": "managed",
      "type": "azurerm_log_analytics_saved_search",
      "name": "res-55",
      "provider": "provider[\"registry.terraform.io/hashicorp/azurerm\"]",
      "instances": [
        {
          "schema_version": 1,
          "attributes": {
            "category": "Log Management",
            "display_name": "All Events with level \"Warning\"",
            "function_alias": "",
            "function_parameters": [],
            "id": "/subscriptions/23a9f43c-3caf-46e2-be51-e0cabf6d2832/resourceGroups/azure-rg/providers/Microsoft.OperationalInsights/workspaces/aks-51008558-law/savedSearches/LogManagement(aks-51008558-law)_LogManagement|WarningEvents",
            "log_analytics_workspace_id": "/subscriptions/23a9f43c-3caf-46e2-be51-e0cabf6d2832/resourceGroups/azure-rg/providers/Microsoft.OperationalInsights/workspaces/aks-51008558-law",
            "name": "LogManagement(aks-51008558-law)_LogManagement|WarningEvents",
            "query": "Event | where EventLevelName == \"warning\" | sort by TimeGenerated desc\r\n// Oql: Type=Event EventLevelName=warning // Args: {OQ: True; WorkspaceId: 00000000-0000-0000-0000-000000000000} // Settings: {PTT: True; SortI: True; SortF: True} // Version: 0.1.122",
            "tags": {},
            "timeouts": null
          },
          "sensitive_attributes": [],
          "private": "eyJlMmJmYjczMC1lY2FhLTExZTYtOGY4OC0zNDM2M2JjN2M0YzAiOnsiY3JlYXRlIjoxODAwMDAwMDAwMDAwLCJkZWxldGUiOjE4MDAwMDAwMDAwMDAsInJlYWQiOjMwMDAwMDAwMDAwMH0sInNjaGVtYV92ZXJzaW9uIjoiMSJ9"
        }
      ]
    },
    {
      "mode": "managed",
      "type": "azurerm_log_analytics_saved_search",
      "name": "res-56",
      "provider": "provider[\"registry.terraform.io/hashicorp/azurerm\"]",
      "instances": [
        {
          "schema_version": 1,
          "attributes": {
            "category": "Log Management",
            "display_name": "Windows Firewall Policy settings have changed",
            "function_alias": "",
            "function_parameters": [],
            "id": "/subscriptions/23a9f43c-3caf-46e2-be51-e0cabf6d2832/resourceGroups/azure-rg/providers/Microsoft.OperationalInsights/workspaces/aks-51008558-law/savedSearches/LogManagement(aks-51008558-law)_LogManagement|WindowsFireawallPolicySettingsChanged",
            "log_analytics_workspace_id": "/subscriptions/23a9f43c-3caf-46e2-be51-e0cabf6d2832/resourceGroups/azure-rg/providers/Microsoft.OperationalInsights/workspaces/aks-51008558-law",
            "name": "LogManagement(aks-51008558-law)_LogManagement|WindowsFireawallPolicySettingsChanged",
            "query": "Event | where EventLog == \"Microsoft-Windows-Windows Firewall With Advanced Security/Firewall\" and EventID == 2008 | sort by TimeGenerated desc\r\n// Oql: Type=Event EventLog=\"Microsoft-Windows-Windows Firewall With Advanced Security/Firewall\" EventID=2008 // Args: {OQ: True; WorkspaceId: 00000000-0000-0000-0000-000000000000} // Settings: {PTT: True; SortI: True; SortF: True} // Version: 0.1.122",
            "tags": {},
            "timeouts": null
          },
          "sensitive_attributes": [],
          "private": "eyJlMmJmYjczMC1lY2FhLTExZTYtOGY4OC0zNDM2M2JjN2M0YzAiOnsiY3JlYXRlIjoxODAwMDAwMDAwMDAwLCJkZWxldGUiOjE4MDAwMDAwMDAwMDAsInJlYWQiOjMwMDAwMDAwMDAwMH0sInNjaGVtYV92ZXJzaW9uIjoiMSJ9"
        }
      ]
    },
    {
      "mode": "managed",
      "type": "azurerm_log_analytics_saved_search",
      "name": "res-57",
      "provider": "provider[\"registry.terraform.io/hashicorp/azurerm\"]",
      "instances": [
        {
          "schema_version": 1,
          "attributes": {
            "category": "Log Management",
            "display_name": "On which machines and how many times have Windows Firewall Policy settings changed",
            "function_alias": "",
            "function_parameters": [],
            "id": "/subscriptions/23a9f43c-3caf-46e2-be51-e0cabf6d2832/resourceGroups/azure-rg/providers/Microsoft.OperationalInsights/workspaces/aks-51008558-law/savedSearches/LogManagement(aks-51008558-law)_LogManagement|WindowsFireawallPolicySettingsChangedByMachines",
            "log_analytics_workspace_id": "/subscriptions/23a9f43c-3caf-46e2-be51-e0cabf6d2832/resourceGroups/azure-rg/providers/Microsoft.OperationalInsights/workspaces/aks-51008558-law",
            "name": "LogManagement(aks-51008558-law)_LogManagement|WindowsFireawallPolicySettingsChangedByMachines",
            "query": "Event | where EventLog == \"Microsoft-Windows-Windows Firewall With Advanced Security/Firewall\" and EventID == 2008 | summarize AggregatedValue = count() by Computer | limit 500000\r\n// Oql: Type=Event EventLog=\"Microsoft-Windows-Windows Firewall With Advanced Security/Firewall\" EventID=2008 | measure count() by Computer | top 500000 // Args: {OQ: True; WorkspaceId: 00000000-0000-0000-0000-000000000000} // Settings: {PTT: True; SortI: True; SortF: True} // Version: 0.1.122",
            "tags": {},
            "timeouts": null
          },
          "sensitive_attributes": [],
          "private": "eyJlMmJmYjczMC1lY2FhLTExZTYtOGY4OC0zNDM2M2JjN2M0YzAiOnsiY3JlYXRlIjoxODAwMDAwMDAwMDAwLCJkZWxldGUiOjE4MDAwMDAwMDAwMDAsInJlYWQiOjMwMDAwMDAwMDAwMH0sInNjaGVtYV92ZXJzaW9uIjoiMSJ9"
        }
      ]
    },
    {
      "mode": "managed",
      "type": "azurerm_log_analytics_workspace",
      "name": "res-18",
      "provider": "provider[\"registry.terraform.io/hashicorp/azurerm\"]",
      "instances": [
        {
          "schema_version": 3,
          "attributes": {
            "allow_resource_only_permissions": true,
            "cmk_for_query_forced": false,
            "daily_quota_gb": -1,
            "data_collection_rule_id": "",
            "id": "/subscriptions/23a9f43c-3caf-46e2-be51-e0cabf6d2832/resourceGroups/azure-rg/providers/Microsoft.OperationalInsights/workspaces/aks-51008558-law",
            "identity": [],
            "immediate_data_purge_on_30_days_enabled": false,
            "internet_ingestion_enabled": true,
            "internet_query_enabled": true,
            "local_authentication_disabled": false,
            "location": "eastus2",
            "name": "aks-51008558-law",
            "primary_shared_key": "EAdXVxY5mjdqkB0hB7y+pYx3dVfOuffFIxLzb8w8E7N02kI1Vn3umdiyd6ZnNp3lYpaJrXEgxprv1NDca6eLtg==",
            "reservation_capacity_in_gb_per_day": null,
            "resource_group_name": "azure-rg",
            "retention_in_days": 30,
            "secondary_shared_key": "b5Idt2KInEF5QOX+fWO2Q9EGafxCY26+DZpGizWWpXnXodQsFhyByGKi19J5lgJndSnH8gWXZihSOdDE36hUaA==",
            "sku": "PerGB2018",
            "tags": {},
            "timeouts": null,
            "workspace_id": "4e26daf2-f00f-4fa2-832b-c04285e16729"
          },
          "sensitive_attributes": [],
          "private": "eyJlMmJmYjczMC1lY2FhLTExZTYtOGY4OC0zNDM2M2JjN2M0YzAiOnsiY3JlYXRlIjoxODAwMDAwMDAwMDAwLCJkZWxldGUiOjE4MDAwMDAwMDAwMDAsInJlYWQiOjMwMDAwMDAwMDAwMCwidXBkYXRlIjoxODAwMDAwMDAwMDAwfSwic2NoZW1hX3ZlcnNpb24iOiIzIn0="
        }
      ]
    },
    {
      "mode": "managed",
      "type": "azurerm_resource_group",
      "name": "res-0",
      "provider": "provider[\"registry.terraform.io/hashicorp/azurerm\"]",
      "instances": [
        {
          "schema_version": 0,
          "attributes": {
            "id": "/subscriptions/23a9f43c-3caf-46e2-be51-e0cabf6d2832/resourceGroups/azure-rg",
            "location": "eastus2",
            "managed_by": "",
            "name": "azure-rg",
            "tags": {
              "LODManaged": "lod",
              "LabInstance": "51008558",
              "LabProfile": "183286",
              "PoolOrgId": "172",
              "ProfileOrgId": "172",
              "SeriesId": "24662",
              "TS": "133910040987772141"
            },
            "timeouts": null
          },
          "sensitive_attributes": [],
          "private": "eyJlMmJmYjczMC1lY2FhLTExZTYtOGY4OC0zNDM2M2JjN2M0YzAiOnsiY3JlYXRlIjo1NDAwMDAwMDAwMDAwLCJkZWxldGUiOjU0MDAwMDAwMDAwMDAsInJlYWQiOjMwMDAwMDAwMDAwMCwidXBkYXRlIjo1NDAwMDAwMDAwMDAwfSwic2NoZW1hX3ZlcnNpb24iOiIwIn0="
        }
      ]
    },
    {
      "mode": "managed",
      "type": "azurerm_user_assigned_identity",
      "name": "res-16",
      "provider": "provider[\"registry.terraform.io/hashicorp/azurerm\"]",
      "instances": [
        {
          "schema_version": 1,
          "attributes": {
            "client_id": "1c7072af-0291-4d1c-81a9-21a7e444935f",
            "id": "/subscriptions/23a9f43c-3caf-46e2-be51-e0cabf6d2832/resourceGroups/azure-rg/providers/Microsoft.ManagedIdentity/userAssignedIdentities/aks-identity-7195945",
            "location": "eastus2",
            "name": "aks-identity-7195945",
            "principal_id": "1dfaa0ac-7c08-4fb2-b880-bf948fae2d0e",
            "resource_group_name": "azure-rg",
            "tags": {},
            "tenant_id": "4cfe372a-37a4-44f8-91b2-5faf34253c62",
            "timeouts": null
          },
          "sensitive_attributes": [],
          "private": "eyJlMmJmYjczMC1lY2FhLTExZTYtOGY4OC0zNDM2M2JjN2M0YzAiOnsiY3JlYXRlIjoxODAwMDAwMDAwMDAwLCJkZWxldGUiOjE4MDAwMDAwMDAwMDAsInJlYWQiOjMwMDAwMDAwMDAwMCwidXBkYXRlIjoxODAwMDAwMDAwMDAwfSwic2NoZW1hX3ZlcnNpb24iOiIxIn0="
        }
      ]
    },
    {
      "mode": "managed",
      "type": "azurerm_user_assigned_identity",
      "name": "res-17",
      "provider": "provider[\"registry.terraform.io/hashicorp/azurerm\"]",
      "instances": [
        {
          "schema_version": 1,
          "attributes": {
            "client_id": "87193094-84d3-4918-9c01-6b688798c55b",
            "id": "/subscriptions/23a9f43c-3caf-46e2-be51-e0cabf6d2832/resourceGroups/azure-rg/providers/Microsoft.ManagedIdentity/userAssignedIdentities/kubelet-identity-7195945",
            "location": "eastus2",
            "name": "kubelet-identity-7195945",
            "principal_id": "6eadb612-5cbb-4e7a-be2e-00fa8787914b",
            "resource_group_name": "azure-rg",
            "tags": {},
            "tenant_id": "4cfe372a-37a4-44f8-91b2-5faf34253c62",
            "timeouts": null
          },
          "sensitive_attributes": [],
          "private": "eyJlMmJmYjczMC1lY2FhLTExZTYtOGY4OC0zNDM2M2JjN2M0YzAiOnsiY3JlYXRlIjoxODAwMDAwMDAwMDAwLCJkZWxldGUiOjE4MDAwMDAwMDAwMDAsInJlYWQiOjMwMDAwMDAwMDAwMCwidXBkYXRlIjoxODAwMDAwMDAwMDAwfSwic2NoZW1hX3ZlcnNpb24iOiIxIn0="
        }
      ]
    }
  ],
  "check_results": null
}
